// !$*UTF8*$!
{
	archiveVersion = 1;
	classes = {
	};
	objectVersion = 52;
	objects = {

/* Begin PBXBuildFile section */
		041C2DC126D56F7A005585E2 /* AppDelegate.swift in Sources */ = {isa = PBXBuildFile; fileRef = 041C2DC026D56F7A005585E2 /* AppDelegate.swift */; };
		041C2DC326D56F7A005585E2 /* SceneDelegate.swift in Sources */ = {isa = PBXBuildFile; fileRef = 041C2DC226D56F7A005585E2 /* SceneDelegate.swift */; };
		041C2DC526D56F7A005585E2 /* TodaysFixturesViewController.swift in Sources */ = {isa = PBXBuildFile; fileRef = 041C2DC426D56F7A005585E2 /* TodaysFixturesViewController.swift */; };
		041C2DCA26D56F7B005585E2 /* Assets.xcassets in Resources */ = {isa = PBXBuildFile; fileRef = 041C2DC926D56F7B005585E2 /* Assets.xcassets */; };
		041C2DCD26D56F7B005585E2 /* LaunchScreen.storyboard in Resources */ = {isa = PBXBuildFile; fileRef = 041C2DCB26D56F7B005585E2 /* LaunchScreen.storyboard */; };
		041C2DD826D56F7B005585E2 /* FootballFixturesTests.swift in Sources */ = {isa = PBXBuildFile; fileRef = 041C2DD726D56F7B005585E2 /* FootballFixturesTests.swift */; };
		041C2DE326D56F7B005585E2 /* FootballFixturesUITests.swift in Sources */ = {isa = PBXBuildFile; fileRef = 041C2DE226D56F7B005585E2 /* FootballFixturesUITests.swift */; };
		045AF19826D5711700AC7A51 /* HomeTabBarViewController.swift in Sources */ = {isa = PBXBuildFile; fileRef = 045AF19726D5711700AC7A51 /* HomeTabBarViewController.swift */; };
		045AF19A26D5715300AC7A51 /* CompetitionsViewController.swift in Sources */ = {isa = PBXBuildFile; fileRef = 045AF19926D5715300AC7A51 /* CompetitionsViewController.swift */; };
		045AF19D26D5740D00AC7A51 /* UIViewExtensions.swift in Sources */ = {isa = PBXBuildFile; fileRef = 045AF19C26D5740D00AC7A51 /* UIViewExtensions.swift */; };
		045AF1A226D580C100AC7A51 /* Constants.swift in Sources */ = {isa = PBXBuildFile; fileRef = 045AF1A126D580C100AC7A51 /* Constants.swift */; };
		045AF1A526D5830F00AC7A51 /* TodaysFixturesTableViewCell.swift in Sources */ = {isa = PBXBuildFile; fileRef = 045AF1A426D5830F00AC7A51 /* TodaysFixturesTableViewCell.swift */; };
		045AF1A726D5832600AC7A51 /* TableViewExtensions.swift in Sources */ = {isa = PBXBuildFile; fileRef = 045AF1A626D5832600AC7A51 /* TableViewExtensions.swift */; };
		045AF1AA26D5918700AC7A51 /* TodaysFixtureModel.swift in Sources */ = {isa = PBXBuildFile; fileRef = 045AF1A926D5918700AC7A51 /* TodaysFixtureModel.swift */; };
		045AF1AD26D591E800AC7A51 /* CellDelegates.swift in Sources */ = {isa = PBXBuildFile; fileRef = 045AF1AC26D591E800AC7A51 /* CellDelegates.swift */; };
		045AF1AF26D599BC00AC7A51 /* UIFontExtension.swift in Sources */ = {isa = PBXBuildFile; fileRef = 045AF1AE26D599BC00AC7A51 /* UIFontExtension.swift */; };
		045AF1B126D5BA1600AC7A51 /* CompetitionsTableViewCell.swift in Sources */ = {isa = PBXBuildFile; fileRef = 045AF1B026D5BA1600AC7A51 /* CompetitionsTableViewCell.swift */; };
		0469287726DAB6FF0069F40B /* TeamSquadModel.swift in Sources */ = {isa = PBXBuildFile; fileRef = 0469287626DAB6FF0069F40B /* TeamSquadModel.swift */; };
		0482C14426D65C4900794D7D /* LeagueStandingsViewController.swift in Sources */ = {isa = PBXBuildFile; fileRef = 0482C14326D65C4900794D7D /* LeagueStandingsViewController.swift */; };
		0482C14626D65C5700794D7D /* LeagueFixturesViewController.swift in Sources */ = {isa = PBXBuildFile; fileRef = 0482C14526D65C5700794D7D /* LeagueFixturesViewController.swift */; };
		0482C14826D65C6B00794D7D /* LeagueTeamsViewController.swift in Sources */ = {isa = PBXBuildFile; fileRef = 0482C14726D65C6B00794D7D /* LeagueTeamsViewController.swift */; };
		0482C14A26D6678000794D7D /* MenuBarView.swift in Sources */ = {isa = PBXBuildFile; fileRef = 0482C14926D6678000794D7D /* MenuBarView.swift */; };
		0482C14C26D6698E00794D7D /* MenuBarCollectionViewCell.swift in Sources */ = {isa = PBXBuildFile; fileRef = 0482C14B26D6698E00794D7D /* MenuBarCollectionViewCell.swift */; };
		0482C14E26D669BA00794D7D /* UICollectionViewExtensions.swift in Sources */ = {isa = PBXBuildFile; fileRef = 0482C14D26D669BA00794D7D /* UICollectionViewExtensions.swift */; };
		0482C15026D6771600794D7D /* LeagueTeamsCollectionViewCell.swift in Sources */ = {isa = PBXBuildFile; fileRef = 0482C14F26D6771600794D7D /* LeagueTeamsCollectionViewCell.swift */; };
		0482C15226D6781200794D7D /* LeagueTableViewCell.swift in Sources */ = {isa = PBXBuildFile; fileRef = 0482C15126D6781200794D7D /* LeagueTableViewCell.swift */; };
		0482C15426D6A48000794D7D /* ContainerPageViewController.swift in Sources */ = {isa = PBXBuildFile; fileRef = 0482C15326D6A48000794D7D /* ContainerPageViewController.swift */; };
		0482C15626D7C13200794D7D /* EmptyFixturesView.swift in Sources */ = {isa = PBXBuildFile; fileRef = 0482C15526D7C13200794D7D /* EmptyFixturesView.swift */; };
		0482C15A26D7C9F300794D7D /* TeamPopUpView.swift in Sources */ = {isa = PBXBuildFile; fileRef = 0482C15926D7C9F300794D7D /* TeamPopUpView.swift */; };
		0482C15C26D7CF3D00794D7D /* PlayersListTableViewCell.swift in Sources */ = {isa = PBXBuildFile; fileRef = 0482C15B26D7CF3D00794D7D /* PlayersListTableViewCell.swift */; };
		0482C15E26D7F51A00794D7D /* PlayersListViewController.swift in Sources */ = {isa = PBXBuildFile; fileRef = 0482C15D26D7F51A00794D7D /* PlayersListViewController.swift */; };
		0482C16026D92C9B00794D7D /* PresentMenuContainer.swift in Sources */ = {isa = PBXBuildFile; fileRef = 0482C15F26D92C9B00794D7D /* PresentMenuContainer.swift */; };
		0482C16226D93F7F00794D7D /* TodaysFixturesViewModel.swift in Sources */ = {isa = PBXBuildFile; fileRef = 0482C16126D93F7F00794D7D /* TodaysFixturesViewModel.swift */; };
		0482C16526D98E8000794D7D /* URLSessionExtension.swift in Sources */ = {isa = PBXBuildFile; fileRef = 0482C16426D98E8000794D7D /* URLSessionExtension.swift */; };
		0482C16726D98F7100794D7D /* NetworkManager.swift in Sources */ = {isa = PBXBuildFile; fileRef = 0482C16626D98F7100794D7D /* NetworkManager.swift */; };
		0482C16926D98FA200794D7D /* NetworkConfig.swift in Sources */ = {isa = PBXBuildFile; fileRef = 0482C16826D98FA200794D7D /* NetworkConfig.swift */; };
		0482C16B26D9A1C900794D7D /* CompetitionsModel.swift in Sources */ = {isa = PBXBuildFile; fileRef = 0482C16A26D9A1C900794D7D /* CompetitionsModel.swift */; };
		0482C16D26D9B18300794D7D /* NetworkAdapters.swift in Sources */ = {isa = PBXBuildFile; fileRef = 0482C16C26D9B18300794D7D /* NetworkAdapters.swift */; };
		0482C16F26DA155A00794D7D /* CompetitionsViewModel.swift in Sources */ = {isa = PBXBuildFile; fileRef = 0482C16E26DA155A00794D7D /* CompetitionsViewModel.swift */; };
		0482C17126DA498800794D7D /* SpinnerViewController.swift in Sources */ = {isa = PBXBuildFile; fileRef = 0482C17026DA498800794D7D /* SpinnerViewController.swift */; };
		0482C17326DA532800794D7D /* LeagueStandings.swift in Sources */ = {isa = PBXBuildFile; fileRef = 0482C17226DA532800794D7D /* LeagueStandings.swift */; };
		0482C17526DA5E5100794D7D /* LeagueStandingsViewModel.swift in Sources */ = {isa = PBXBuildFile; fileRef = 0482C17426DA5E5100794D7D /* LeagueStandingsViewModel.swift */; };
		0482C17826DA8C7100794D7D /* SDWebImageSVGCoder in Frameworks */ = {isa = PBXBuildFile; productRef = 0482C17726DA8C7100794D7D /* SDWebImageSVGCoder */; };
		04BF601226DBA1D8009DED22 /* TeamPlayersListViewModel.swift in Sources */ = {isa = PBXBuildFile; fileRef = 04BF601126DBA1D8009DED22 /* TeamPlayersListViewModel.swift */; };
		04BF601426DBDEB8009DED22 /* ErrorViewController.swift in Sources */ = {isa = PBXBuildFile; fileRef = 04BF601326DBDEB8009DED22 /* ErrorViewController.swift */; };
		04BF601E26DBFEEC009DED22 /* FootballData.xcdatamodeld in Sources */ = {isa = PBXBuildFile; fileRef = 04BF601C26DBFEEC009DED22 /* FootballData.xcdatamodeld */; };
		04BF602926DC0537009DED22 /* CompetitionsList+CoreDataClass.swift in Sources */ = {isa = PBXBuildFile; fileRef = 04BF602726DC0537009DED22 /* CompetitionsList+CoreDataClass.swift */; };
		04BF602A26DC0537009DED22 /* CompetitionsList+CoreDataProperties.swift in Sources */ = {isa = PBXBuildFile; fileRef = 04BF602826DC0537009DED22 /* CompetitionsList+CoreDataProperties.swift */; };
		04BF602D26DC0690009DED22 /* CoreDataMethods.swift in Sources */ = {isa = PBXBuildFile; fileRef = 04BF602C26DC0690009DED22 /* CoreDataMethods.swift */; };
		04BF603026DC1A1B009DED22 /* LeagueStandingList+CoreDataClass.swift in Sources */ = {isa = PBXBuildFile; fileRef = 04BF602E26DC1A1B009DED22 /* LeagueStandingList+CoreDataClass.swift */; };
		04BF603126DC1A1B009DED22 /* LeagueStandingList+CoreDataProperties.swift in Sources */ = {isa = PBXBuildFile; fileRef = 04BF602F26DC1A1B009DED22 /* LeagueStandingList+CoreDataProperties.swift */; };
		04BF603526DCD557009DED22 /* LeagueTeamsViewModel.swift in Sources */ = {isa = PBXBuildFile; fileRef = 04BF603426DCD557009DED22 /* LeagueTeamsViewModel.swift */; };
/* End PBXBuildFile section */

/* Begin PBXContainerItemProxy section */
		041C2DD426D56F7B005585E2 /* PBXContainerItemProxy */ = {
			isa = PBXContainerItemProxy;
			containerPortal = 041C2DB526D56F7A005585E2 /* Project object */;
			proxyType = 1;
			remoteGlobalIDString = 041C2DBC26D56F7A005585E2;
			remoteInfo = FootballFixtures;
		};
		041C2DDF26D56F7B005585E2 /* PBXContainerItemProxy */ = {
			isa = PBXContainerItemProxy;
			containerPortal = 041C2DB526D56F7A005585E2 /* Project object */;
			proxyType = 1;
			remoteGlobalIDString = 041C2DBC26D56F7A005585E2;
			remoteInfo = FootballFixtures;
		};
/* End PBXContainerItemProxy section */

/* Begin PBXFileReference section */
		041C2DBD26D56F7A005585E2 /* FootballFixtures.app */ = {isa = PBXFileReference; explicitFileType = wrapper.application; includeInIndex = 0; path = FootballFixtures.app; sourceTree = BUILT_PRODUCTS_DIR; };
		041C2DC026D56F7A005585E2 /* AppDelegate.swift */ = {isa = PBXFileReference; lastKnownFileType = sourcecode.swift; path = AppDelegate.swift; sourceTree = "<group>"; };
		041C2DC226D56F7A005585E2 /* SceneDelegate.swift */ = {isa = PBXFileReference; lastKnownFileType = sourcecode.swift; path = SceneDelegate.swift; sourceTree = "<group>"; };
		041C2DC426D56F7A005585E2 /* TodaysFixturesViewController.swift */ = {isa = PBXFileReference; lastKnownFileType = sourcecode.swift; path = TodaysFixturesViewController.swift; sourceTree = "<group>"; };
		041C2DC926D56F7B005585E2 /* Assets.xcassets */ = {isa = PBXFileReference; lastKnownFileType = folder.assetcatalog; path = Assets.xcassets; sourceTree = "<group>"; };
		041C2DCC26D56F7B005585E2 /* Base */ = {isa = PBXFileReference; lastKnownFileType = file.storyboard; name = Base; path = Base.lproj/LaunchScreen.storyboard; sourceTree = "<group>"; };
		041C2DCE26D56F7B005585E2 /* Info.plist */ = {isa = PBXFileReference; lastKnownFileType = text.plist.xml; path = Info.plist; sourceTree = "<group>"; };
		041C2DD326D56F7B005585E2 /* FootballFixturesTests.xctest */ = {isa = PBXFileReference; explicitFileType = wrapper.cfbundle; includeInIndex = 0; path = FootballFixturesTests.xctest; sourceTree = BUILT_PRODUCTS_DIR; };
		041C2DD726D56F7B005585E2 /* FootballFixturesTests.swift */ = {isa = PBXFileReference; lastKnownFileType = sourcecode.swift; path = FootballFixturesTests.swift; sourceTree = "<group>"; };
		041C2DD926D56F7B005585E2 /* Info.plist */ = {isa = PBXFileReference; lastKnownFileType = text.plist.xml; path = Info.plist; sourceTree = "<group>"; };
		041C2DDE26D56F7B005585E2 /* FootballFixturesUITests.xctest */ = {isa = PBXFileReference; explicitFileType = wrapper.cfbundle; includeInIndex = 0; path = FootballFixturesUITests.xctest; sourceTree = BUILT_PRODUCTS_DIR; };
		041C2DE226D56F7B005585E2 /* FootballFixturesUITests.swift */ = {isa = PBXFileReference; lastKnownFileType = sourcecode.swift; path = FootballFixturesUITests.swift; sourceTree = "<group>"; };
		041C2DE426D56F7B005585E2 /* Info.plist */ = {isa = PBXFileReference; lastKnownFileType = text.plist.xml; path = Info.plist; sourceTree = "<group>"; };
		045AF19726D5711700AC7A51 /* HomeTabBarViewController.swift */ = {isa = PBXFileReference; lastKnownFileType = sourcecode.swift; path = HomeTabBarViewController.swift; sourceTree = "<group>"; };
		045AF19926D5715300AC7A51 /* CompetitionsViewController.swift */ = {isa = PBXFileReference; lastKnownFileType = sourcecode.swift; path = CompetitionsViewController.swift; sourceTree = "<group>"; };
		045AF19C26D5740D00AC7A51 /* UIViewExtensions.swift */ = {isa = PBXFileReference; lastKnownFileType = sourcecode.swift; path = UIViewExtensions.swift; sourceTree = "<group>"; };
		045AF1A126D580C100AC7A51 /* Constants.swift */ = {isa = PBXFileReference; lastKnownFileType = sourcecode.swift; path = Constants.swift; sourceTree = "<group>"; };
		045AF1A426D5830F00AC7A51 /* TodaysFixturesTableViewCell.swift */ = {isa = PBXFileReference; lastKnownFileType = sourcecode.swift; path = TodaysFixturesTableViewCell.swift; sourceTree = "<group>"; };
		045AF1A626D5832600AC7A51 /* TableViewExtensions.swift */ = {isa = PBXFileReference; lastKnownFileType = sourcecode.swift; path = TableViewExtensions.swift; sourceTree = "<group>"; };
		045AF1A926D5918700AC7A51 /* TodaysFixtureModel.swift */ = {isa = PBXFileReference; lastKnownFileType = sourcecode.swift; path = TodaysFixtureModel.swift; sourceTree = "<group>"; };
		045AF1AC26D591E800AC7A51 /* CellDelegates.swift */ = {isa = PBXFileReference; lastKnownFileType = sourcecode.swift; path = CellDelegates.swift; sourceTree = "<group>"; };
		045AF1AE26D599BC00AC7A51 /* UIFontExtension.swift */ = {isa = PBXFileReference; lastKnownFileType = sourcecode.swift; path = UIFontExtension.swift; sourceTree = "<group>"; };
		045AF1B026D5BA1600AC7A51 /* CompetitionsTableViewCell.swift */ = {isa = PBXFileReference; lastKnownFileType = sourcecode.swift; path = CompetitionsTableViewCell.swift; sourceTree = "<group>"; };
		0469287626DAB6FF0069F40B /* TeamSquadModel.swift */ = {isa = PBXFileReference; lastKnownFileType = sourcecode.swift; path = TeamSquadModel.swift; sourceTree = "<group>"; };
		0482C14326D65C4900794D7D /* LeagueStandingsViewController.swift */ = {isa = PBXFileReference; lastKnownFileType = sourcecode.swift; path = LeagueStandingsViewController.swift; sourceTree = "<group>"; };
		0482C14526D65C5700794D7D /* LeagueFixturesViewController.swift */ = {isa = PBXFileReference; lastKnownFileType = sourcecode.swift; path = LeagueFixturesViewController.swift; sourceTree = "<group>"; };
		0482C14726D65C6B00794D7D /* LeagueTeamsViewController.swift */ = {isa = PBXFileReference; lastKnownFileType = sourcecode.swift; path = LeagueTeamsViewController.swift; sourceTree = "<group>"; };
		0482C14926D6678000794D7D /* MenuBarView.swift */ = {isa = PBXFileReference; lastKnownFileType = sourcecode.swift; path = MenuBarView.swift; sourceTree = "<group>"; };
		0482C14B26D6698E00794D7D /* MenuBarCollectionViewCell.swift */ = {isa = PBXFileReference; lastKnownFileType = sourcecode.swift; path = MenuBarCollectionViewCell.swift; sourceTree = "<group>"; };
		0482C14D26D669BA00794D7D /* UICollectionViewExtensions.swift */ = {isa = PBXFileReference; lastKnownFileType = sourcecode.swift; path = UICollectionViewExtensions.swift; sourceTree = "<group>"; };
		0482C14F26D6771600794D7D /* LeagueTeamsCollectionViewCell.swift */ = {isa = PBXFileReference; lastKnownFileType = sourcecode.swift; path = LeagueTeamsCollectionViewCell.swift; sourceTree = "<group>"; };
		0482C15126D6781200794D7D /* LeagueTableViewCell.swift */ = {isa = PBXFileReference; lastKnownFileType = sourcecode.swift; path = LeagueTableViewCell.swift; sourceTree = "<group>"; };
		0482C15326D6A48000794D7D /* ContainerPageViewController.swift */ = {isa = PBXFileReference; lastKnownFileType = sourcecode.swift; path = ContainerPageViewController.swift; sourceTree = "<group>"; };
		0482C15526D7C13200794D7D /* EmptyFixturesView.swift */ = {isa = PBXFileReference; lastKnownFileType = sourcecode.swift; path = EmptyFixturesView.swift; sourceTree = "<group>"; };
		0482C15926D7C9F300794D7D /* TeamPopUpView.swift */ = {isa = PBXFileReference; lastKnownFileType = sourcecode.swift; path = TeamPopUpView.swift; sourceTree = "<group>"; };
		0482C15B26D7CF3D00794D7D /* PlayersListTableViewCell.swift */ = {isa = PBXFileReference; lastKnownFileType = sourcecode.swift; path = PlayersListTableViewCell.swift; sourceTree = "<group>"; };
		0482C15D26D7F51A00794D7D /* PlayersListViewController.swift */ = {isa = PBXFileReference; lastKnownFileType = sourcecode.swift; path = PlayersListViewController.swift; sourceTree = "<group>"; };
		0482C15F26D92C9B00794D7D /* PresentMenuContainer.swift */ = {isa = PBXFileReference; lastKnownFileType = sourcecode.swift; path = PresentMenuContainer.swift; sourceTree = "<group>"; };
		0482C16126D93F7F00794D7D /* TodaysFixturesViewModel.swift */ = {isa = PBXFileReference; lastKnownFileType = sourcecode.swift; path = TodaysFixturesViewModel.swift; sourceTree = "<group>"; };
		0482C16426D98E8000794D7D /* URLSessionExtension.swift */ = {isa = PBXFileReference; lastKnownFileType = sourcecode.swift; path = URLSessionExtension.swift; sourceTree = "<group>"; };
		0482C16626D98F7100794D7D /* NetworkManager.swift */ = {isa = PBXFileReference; lastKnownFileType = sourcecode.swift; path = NetworkManager.swift; sourceTree = "<group>"; };
		0482C16826D98FA200794D7D /* NetworkConfig.swift */ = {isa = PBXFileReference; lastKnownFileType = sourcecode.swift; path = NetworkConfig.swift; sourceTree = "<group>"; };
		0482C16A26D9A1C900794D7D /* CompetitionsModel.swift */ = {isa = PBXFileReference; lastKnownFileType = sourcecode.swift; path = CompetitionsModel.swift; sourceTree = "<group>"; };
		0482C16C26D9B18300794D7D /* NetworkAdapters.swift */ = {isa = PBXFileReference; lastKnownFileType = sourcecode.swift; path = NetworkAdapters.swift; sourceTree = "<group>"; };
		0482C16E26DA155A00794D7D /* CompetitionsViewModel.swift */ = {isa = PBXFileReference; lastKnownFileType = sourcecode.swift; path = CompetitionsViewModel.swift; sourceTree = "<group>"; };
		0482C17026DA498800794D7D /* SpinnerViewController.swift */ = {isa = PBXFileReference; lastKnownFileType = sourcecode.swift; path = SpinnerViewController.swift; sourceTree = "<group>"; };
		0482C17226DA532800794D7D /* LeagueStandings.swift */ = {isa = PBXFileReference; lastKnownFileType = sourcecode.swift; path = LeagueStandings.swift; sourceTree = "<group>"; };
		0482C17426DA5E5100794D7D /* LeagueStandingsViewModel.swift */ = {isa = PBXFileReference; lastKnownFileType = sourcecode.swift; path = LeagueStandingsViewModel.swift; sourceTree = "<group>"; };
		04BF601126DBA1D8009DED22 /* TeamPlayersListViewModel.swift */ = {isa = PBXFileReference; lastKnownFileType = sourcecode.swift; path = TeamPlayersListViewModel.swift; sourceTree = "<group>"; };
		04BF601326DBDEB8009DED22 /* ErrorViewController.swift */ = {isa = PBXFileReference; lastKnownFileType = sourcecode.swift; path = ErrorViewController.swift; sourceTree = "<group>"; };
		04BF601D26DBFEEC009DED22 /* FootballData.xcdatamodel */ = {isa = PBXFileReference; lastKnownFileType = wrapper.xcdatamodel; path = FootballData.xcdatamodel; sourceTree = "<group>"; };
		04BF602726DC0537009DED22 /* CompetitionsList+CoreDataClass.swift */ = {isa = PBXFileReference; lastKnownFileType = sourcecode.swift; path = "CompetitionsList+CoreDataClass.swift"; sourceTree = "<group>"; };
		04BF602826DC0537009DED22 /* CompetitionsList+CoreDataProperties.swift */ = {isa = PBXFileReference; lastKnownFileType = sourcecode.swift; path = "CompetitionsList+CoreDataProperties.swift"; sourceTree = "<group>"; };
		04BF602C26DC0690009DED22 /* CoreDataMethods.swift */ = {isa = PBXFileReference; lastKnownFileType = sourcecode.swift; path = CoreDataMethods.swift; sourceTree = "<group>"; };
		04BF602E26DC1A1B009DED22 /* LeagueStandingList+CoreDataClass.swift */ = {isa = PBXFileReference; lastKnownFileType = sourcecode.swift; path = "LeagueStandingList+CoreDataClass.swift"; sourceTree = "<group>"; };
		04BF602F26DC1A1B009DED22 /* LeagueStandingList+CoreDataProperties.swift */ = {isa = PBXFileReference; lastKnownFileType = sourcecode.swift; path = "LeagueStandingList+CoreDataProperties.swift"; sourceTree = "<group>"; };
		04BF603426DCD557009DED22 /* LeagueTeamsViewModel.swift */ = {isa = PBXFileReference; lastKnownFileType = sourcecode.swift; path = LeagueTeamsViewModel.swift; sourceTree = "<group>"; };
/* End PBXFileReference section */

/* Begin PBXFrameworksBuildPhase section */
		041C2DBA26D56F7A005585E2 /* Frameworks */ = {
			isa = PBXFrameworksBuildPhase;
			buildActionMask = 2147483647;
			files = (
				0482C17826DA8C7100794D7D /* SDWebImageSVGCoder in Frameworks */,
			);
			runOnlyForDeploymentPostprocessing = 0;
		};
		041C2DD026D56F7B005585E2 /* Frameworks */ = {
			isa = PBXFrameworksBuildPhase;
			buildActionMask = 2147483647;
			files = (
			);
			runOnlyForDeploymentPostprocessing = 0;
		};
		041C2DDB26D56F7B005585E2 /* Frameworks */ = {
			isa = PBXFrameworksBuildPhase;
			buildActionMask = 2147483647;
			files = (
			);
			runOnlyForDeploymentPostprocessing = 0;
		};
/* End PBXFrameworksBuildPhase section */

/* Begin PBXGroup section */
		041C2DB426D56F7A005585E2 = {
			isa = PBXGroup;
			children = (
				041C2DBF26D56F7A005585E2 /* FootballFixtures */,
				041C2DD626D56F7B005585E2 /* FootballFixturesTests */,
				041C2DE126D56F7B005585E2 /* FootballFixturesUITests */,
				041C2DBE26D56F7A005585E2 /* Products */,
			);
			sourceTree = "<group>";
		};
		041C2DBE26D56F7A005585E2 /* Products */ = {
			isa = PBXGroup;
			children = (
				041C2DBD26D56F7A005585E2 /* FootballFixtures.app */,
				041C2DD326D56F7B005585E2 /* FootballFixturesTests.xctest */,
				041C2DDE26D56F7B005585E2 /* FootballFixturesUITests.xctest */,
			);
			name = Products;
			sourceTree = "<group>";
		};
		041C2DBF26D56F7A005585E2 /* FootballFixtures */ = {
			isa = PBXGroup;
			children = (
				04BF601B26DBFE88009DED22 /* Database */,
				04BF601A26DBE4C4009DED22 /* UI */,
				045AF1AB26D591D100AC7A51 /* ViewModel */,
				045AF1A826D5916A00AC7A51 /* Models */,
				0482C16326D98E4F00794D7D /* Networking */,
				041C2DC026D56F7A005585E2 /* AppDelegate.swift */,
				045AF1A026D5809B00AC7A51 /* Resources */,
				041C2DCE26D56F7B005585E2 /* Info.plist */,
			);
			path = FootballFixtures;
			sourceTree = "<group>";
		};
		041C2DD626D56F7B005585E2 /* FootballFixturesTests */ = {
			isa = PBXGroup;
			children = (
				041C2DD726D56F7B005585E2 /* FootballFixturesTests.swift */,
				041C2DD926D56F7B005585E2 /* Info.plist */,
			);
			path = FootballFixturesTests;
			sourceTree = "<group>";
		};
		041C2DE126D56F7B005585E2 /* FootballFixturesUITests */ = {
			isa = PBXGroup;
			children = (
				041C2DE226D56F7B005585E2 /* FootballFixturesUITests.swift */,
				041C2DE426D56F7B005585E2 /* Info.plist */,
			);
			path = FootballFixturesUITests;
			sourceTree = "<group>";
		};
		045AF19B26D5716C00AC7A51 /* Controllers */ = {
			isa = PBXGroup;
			children = (
				045AF19726D5711700AC7A51 /* HomeTabBarViewController.swift */,
				0482C14126D65BE600794D7D /* TabBarViewControllers */,
				0482C15F26D92C9B00794D7D /* PresentMenuContainer.swift */,
				0482C15326D6A48000794D7D /* ContainerPageViewController.swift */,
				0482C14226D65C0000794D7D /* ContainerPageChildControllers */,
				0482C15D26D7F51A00794D7D /* PlayersListViewController.swift */,
				0482C17026DA498800794D7D /* SpinnerViewController.swift */,
				04BF601326DBDEB8009DED22 /* ErrorViewController.swift */,
			);
			path = Controllers;
			sourceTree = "<group>";
		};
		045AF1A026D5809B00AC7A51 /* Resources */ = {
			isa = PBXGroup;
			children = (
				041C2DC226D56F7A005585E2 /* SceneDelegate.swift */,
				041C2DC926D56F7B005585E2 /* Assets.xcassets */,
				045AF1A126D580C100AC7A51 /* Constants.swift */,
				04BF603326DCCEBD009DED22 /* Extensions */,
			);
			path = Resources;
			sourceTree = "<group>";
		};
		045AF1A326D582F100AC7A51 /* Views */ = {
			isa = PBXGroup;
			children = (
				04BF601726DBE3F4009DED22 /* CustomMenu */,
				04BF601526DBE379009DED22 /* TabBarControllerCells */,
				04BF601626DBE3A3009DED22 /* ContainerChildCells */,
				0482C15926D7C9F300794D7D /* TeamPopUpView.swift */,
				0482C15B26D7CF3D00794D7D /* PlayersListTableViewCell.swift */,
			);
			path = Views;
			sourceTree = "<group>";
		};
		045AF1A826D5916A00AC7A51 /* Models */ = {
			isa = PBXGroup;
			children = (
				045AF1A926D5918700AC7A51 /* TodaysFixtureModel.swift */,
				0482C16A26D9A1C900794D7D /* CompetitionsModel.swift */,
				0482C17226DA532800794D7D /* LeagueStandings.swift */,
				0469287626DAB6FF0069F40B /* TeamSquadModel.swift */,
			);
			path = Models;
			sourceTree = "<group>";
		};
		045AF1AB26D591D100AC7A51 /* ViewModel */ = {
			isa = PBXGroup;
			children = (
				045AF1AC26D591E800AC7A51 /* CellDelegates.swift */,
				0482C16126D93F7F00794D7D /* TodaysFixturesViewModel.swift */,
				0482C16E26DA155A00794D7D /* CompetitionsViewModel.swift */,
				0482C17426DA5E5100794D7D /* LeagueStandingsViewModel.swift */,
				04BF603426DCD557009DED22 /* LeagueTeamsViewModel.swift */,
				04BF601126DBA1D8009DED22 /* TeamPlayersListViewModel.swift */,
			);
			path = ViewModel;
			sourceTree = "<group>";
		};
		0482C14126D65BE600794D7D /* TabBarViewControllers */ = {
			isa = PBXGroup;
			children = (
				041C2DC426D56F7A005585E2 /* TodaysFixturesViewController.swift */,
				045AF19926D5715300AC7A51 /* CompetitionsViewController.swift */,
			);
			path = TabBarViewControllers;
			sourceTree = "<group>";
		};
		0482C14226D65C0000794D7D /* ContainerPageChildControllers */ = {
			isa = PBXGroup;
			children = (
				0482C14326D65C4900794D7D /* LeagueStandingsViewController.swift */,
				0482C14526D65C5700794D7D /* LeagueFixturesViewController.swift */,
				0482C14726D65C6B00794D7D /* LeagueTeamsViewController.swift */,
			);
			path = ContainerPageChildControllers;
			sourceTree = "<group>";
		};
		0482C16326D98E4F00794D7D /* Networking */ = {
			isa = PBXGroup;
			children = (
				0482C16826D98FA200794D7D /* NetworkConfig.swift */,
				0482C16626D98F7100794D7D /* NetworkManager.swift */,
				0482C16C26D9B18300794D7D /* NetworkAdapters.swift */,
			);
			path = Networking;
			sourceTree = "<group>";
		};
		04BF601526DBE379009DED22 /* TabBarControllerCells */ = {
			isa = PBXGroup;
			children = (
				045AF1A426D5830F00AC7A51 /* TodaysFixturesTableViewCell.swift */,
				045AF1B026D5BA1600AC7A51 /* CompetitionsTableViewCell.swift */,
			);
			path = TabBarControllerCells;
			sourceTree = "<group>";
		};
		04BF601626DBE3A3009DED22 /* ContainerChildCells */ = {
			isa = PBXGroup;
			children = (
				0482C15126D6781200794D7D /* LeagueTableViewCell.swift */,
				0482C15526D7C13200794D7D /* EmptyFixturesView.swift */,
				0482C14F26D6771600794D7D /* LeagueTeamsCollectionViewCell.swift */,
			);
			path = ContainerChildCells;
			sourceTree = "<group>";
		};
		04BF601726DBE3F4009DED22 /* CustomMenu */ = {
			isa = PBXGroup;
			children = (
				0482C14926D6678000794D7D /* MenuBarView.swift */,
				0482C14B26D6698E00794D7D /* MenuBarCollectionViewCell.swift */,
			);
			path = CustomMenu;
			sourceTree = "<group>";
		};
		04BF601A26DBE4C4009DED22 /* UI */ = {
			isa = PBXGroup;
			children = (
				041C2DCB26D56F7B005585E2 /* LaunchScreen.storyboard */,
				045AF1A326D582F100AC7A51 /* Views */,
				045AF19B26D5716C00AC7A51 /* Controllers */,
			);
			path = UI;
			sourceTree = "<group>";
		};
		04BF601B26DBFE88009DED22 /* Database */ = {
			isa = PBXGroup;
			children = (
				04BF603226DC1A26009DED22 /* LeagueStanding */,
				04BF602B26DC065F009DED22 /* CompetitionsCache */,
				04BF601C26DBFEEC009DED22 /* FootballData.xcdatamodeld */,
				04BF602C26DC0690009DED22 /* CoreDataMethods.swift */,
			);
			path = Database;
			sourceTree = "<group>";
		};
		04BF602B26DC065F009DED22 /* CompetitionsCache */ = {
			isa = PBXGroup;
			children = (
				04BF602726DC0537009DED22 /* CompetitionsList+CoreDataClass.swift */,
				04BF602826DC0537009DED22 /* CompetitionsList+CoreDataProperties.swift */,
			);
			path = CompetitionsCache;
			sourceTree = "<group>";
		};
		04BF603226DC1A26009DED22 /* LeagueStanding */ = {
			isa = PBXGroup;
			children = (
				04BF602E26DC1A1B009DED22 /* LeagueStandingList+CoreDataClass.swift */,
				04BF602F26DC1A1B009DED22 /* LeagueStandingList+CoreDataProperties.swift */,
			);
			path = LeagueStanding;
			sourceTree = "<group>";
		};
		04BF603326DCCEBD009DED22 /* Extensions */ = {
			isa = PBXGroup;
			children = (
				045AF1A626D5832600AC7A51 /* TableViewExtensions.swift */,
				045AF19C26D5740D00AC7A51 /* UIViewExtensions.swift */,
				045AF1AE26D599BC00AC7A51 /* UIFontExtension.swift */,
				0482C14D26D669BA00794D7D /* UICollectionViewExtensions.swift */,
				0482C16426D98E8000794D7D /* URLSessionExtension.swift */,
			);
			path = Extensions;
			sourceTree = "<group>";
		};
/* End PBXGroup section */

/* Begin PBXNativeTarget section */
		041C2DBC26D56F7A005585E2 /* FootballFixtures */ = {
			isa = PBXNativeTarget;
			buildConfigurationList = 041C2DE726D56F7B005585E2 /* Build configuration list for PBXNativeTarget "FootballFixtures" */;
			buildPhases = (
				041C2DB926D56F7A005585E2 /* Sources */,
				041C2DBA26D56F7A005585E2 /* Frameworks */,
				041C2DBB26D56F7A005585E2 /* Resources */,
			);
			buildRules = (
			);
			dependencies = (
			);
			name = FootballFixtures;
			packageProductDependencies = (
				0482C17726DA8C7100794D7D /* SDWebImageSVGCoder */,
			);
			productName = FootballFixtures;
			productReference = 041C2DBD26D56F7A005585E2 /* FootballFixtures.app */;
			productType = "com.apple.product-type.application";
		};
		041C2DD226D56F7B005585E2 /* FootballFixturesTests */ = {
			isa = PBXNativeTarget;
			buildConfigurationList = 041C2DEA26D56F7B005585E2 /* Build configuration list for PBXNativeTarget "FootballFixturesTests" */;
			buildPhases = (
				041C2DCF26D56F7B005585E2 /* Sources */,
				041C2DD026D56F7B005585E2 /* Frameworks */,
				041C2DD126D56F7B005585E2 /* Resources */,
			);
			buildRules = (
			);
			dependencies = (
				041C2DD526D56F7B005585E2 /* PBXTargetDependency */,
			);
			name = FootballFixturesTests;
			productName = FootballFixturesTests;
			productReference = 041C2DD326D56F7B005585E2 /* FootballFixturesTests.xctest */;
			productType = "com.apple.product-type.bundle.unit-test";
		};
		041C2DDD26D56F7B005585E2 /* FootballFixturesUITests */ = {
			isa = PBXNativeTarget;
			buildConfigurationList = 041C2DED26D56F7B005585E2 /* Build configuration list for PBXNativeTarget "FootballFixturesUITests" */;
			buildPhases = (
				041C2DDA26D56F7B005585E2 /* Sources */,
				041C2DDB26D56F7B005585E2 /* Frameworks */,
				041C2DDC26D56F7B005585E2 /* Resources */,
			);
			buildRules = (
			);
			dependencies = (
				041C2DE026D56F7B005585E2 /* PBXTargetDependency */,
			);
			name = FootballFixturesUITests;
			productName = FootballFixturesUITests;
			productReference = 041C2DDE26D56F7B005585E2 /* FootballFixturesUITests.xctest */;
			productType = "com.apple.product-type.bundle.ui-testing";
		};
/* End PBXNativeTarget section */

/* Begin PBXProject section */
		041C2DB526D56F7A005585E2 /* Project object */ = {
			isa = PBXProject;
			attributes = {
				LastSwiftUpdateCheck = 1250;
				LastUpgradeCheck = 1250;
				TargetAttributes = {
					041C2DBC26D56F7A005585E2 = {
						CreatedOnToolsVersion = 12.5;
					};
					041C2DD226D56F7B005585E2 = {
						CreatedOnToolsVersion = 12.5;
						TestTargetID = 041C2DBC26D56F7A005585E2;
					};
					041C2DDD26D56F7B005585E2 = {
						CreatedOnToolsVersion = 12.5;
						TestTargetID = 041C2DBC26D56F7A005585E2;
					};
				};
			};
			buildConfigurationList = 041C2DB826D56F7A005585E2 /* Build configuration list for PBXProject "FootballFixtures" */;
			compatibilityVersion = "Xcode 9.3";
			developmentRegion = en;
			hasScannedForEncodings = 0;
			knownRegions = (
				en,
				Base,
			);
			mainGroup = 041C2DB426D56F7A005585E2;
			packageReferences = (
				0482C17626DA8C7100794D7D /* XCRemoteSwiftPackageReference "SDWebImageSVGCoder" */,
			);
			productRefGroup = 041C2DBE26D56F7A005585E2 /* Products */;
			projectDirPath = "";
			projectRoot = "";
			targets = (
				041C2DBC26D56F7A005585E2 /* FootballFixtures */,
				041C2DD226D56F7B005585E2 /* FootballFixturesTests */,
				041C2DDD26D56F7B005585E2 /* FootballFixturesUITests */,
			);
		};
/* End PBXProject section */

/* Begin PBXResourcesBuildPhase section */
		041C2DBB26D56F7A005585E2 /* Resources */ = {
			isa = PBXResourcesBuildPhase;
			buildActionMask = 2147483647;
			files = (
				041C2DCD26D56F7B005585E2 /* LaunchScreen.storyboard in Resources */,
				041C2DCA26D56F7B005585E2 /* Assets.xcassets in Resources */,
			);
			runOnlyForDeploymentPostprocessing = 0;
		};
		041C2DD126D56F7B005585E2 /* Resources */ = {
			isa = PBXResourcesBuildPhase;
			buildActionMask = 2147483647;
			files = (
			);
			runOnlyForDeploymentPostprocessing = 0;
		};
		041C2DDC26D56F7B005585E2 /* Resources */ = {
			isa = PBXResourcesBuildPhase;
			buildActionMask = 2147483647;
			files = (
			);
			runOnlyForDeploymentPostprocessing = 0;
		};
/* End PBXResourcesBuildPhase section */

/* Begin PBXSourcesBuildPhase section */
		041C2DB926D56F7A005585E2 /* Sources */ = {
			isa = PBXSourcesBuildPhase;
			buildActionMask = 2147483647;
			files = (
				041C2DC526D56F7A005585E2 /* TodaysFixturesViewController.swift in Sources */,
				045AF1AD26D591E800AC7A51 /* CellDelegates.swift in Sources */,
				045AF19D26D5740D00AC7A51 /* UIViewExtensions.swift in Sources */,
				04BF602926DC0537009DED22 /* CompetitionsList+CoreDataClass.swift in Sources */,
				0482C14C26D6698E00794D7D /* MenuBarCollectionViewCell.swift in Sources */,
				04BF602A26DC0537009DED22 /* CompetitionsList+CoreDataProperties.swift in Sources */,
				0469287726DAB6FF0069F40B /* TeamSquadModel.swift in Sources */,
				04BF601426DBDEB8009DED22 /* ErrorViewController.swift in Sources */,
				0482C15E26D7F51A00794D7D /* PlayersListViewController.swift in Sources */,
				045AF19A26D5715300AC7A51 /* CompetitionsViewController.swift in Sources */,
				0482C15626D7C13200794D7D /* EmptyFixturesView.swift in Sources */,
				04BF601226DBA1D8009DED22 /* TeamPlayersListViewModel.swift in Sources */,
				0482C16B26D9A1C900794D7D /* CompetitionsModel.swift in Sources */,
				0482C16D26D9B18300794D7D /* NetworkAdapters.swift in Sources */,
				0482C14A26D6678000794D7D /* MenuBarView.swift in Sources */,
				04BF603526DCD557009DED22 /* LeagueTeamsViewModel.swift in Sources */,
				045AF19826D5711700AC7A51 /* HomeTabBarViewController.swift in Sources */,
				0482C17326DA532800794D7D /* LeagueStandings.swift in Sources */,
				0482C15C26D7CF3D00794D7D /* PlayersListTableViewCell.swift in Sources */,
				045AF1A226D580C100AC7A51 /* Constants.swift in Sources */,
				0482C14826D65C6B00794D7D /* LeagueTeamsViewController.swift in Sources */,
				0482C14426D65C4900794D7D /* LeagueStandingsViewController.swift in Sources */,
				045AF1AA26D5918700AC7A51 /* TodaysFixtureModel.swift in Sources */,
				0482C17126DA498800794D7D /* SpinnerViewController.swift in Sources */,
				0482C16926D98FA200794D7D /* NetworkConfig.swift in Sources */,
				04BF601E26DBFEEC009DED22 /* FootballData.xcdatamodeld in Sources */,
				0482C17526DA5E5100794D7D /* LeagueStandingsViewModel.swift in Sources */,
				0482C16F26DA155A00794D7D /* CompetitionsViewModel.swift in Sources */,
				0482C14626D65C5700794D7D /* LeagueFixturesViewController.swift in Sources */,
				041C2DC126D56F7A005585E2 /* AppDelegate.swift in Sources */,
				0482C15A26D7C9F300794D7D /* TeamPopUpView.swift in Sources */,
				0482C16726D98F7100794D7D /* NetworkManager.swift in Sources */,
				04BF602D26DC0690009DED22 /* CoreDataMethods.swift in Sources */,
				041C2DC326D56F7A005585E2 /* SceneDelegate.swift in Sources */,
				045AF1A526D5830F00AC7A51 /* TodaysFixturesTableViewCell.swift in Sources */,
				04BF603126DC1A1B009DED22 /* LeagueStandingList+CoreDataProperties.swift in Sources */,
				0482C16526D98E8000794D7D /* URLSessionExtension.swift in Sources */,
				0482C15426D6A48000794D7D /* ContainerPageViewController.swift in Sources */,
				0482C14E26D669BA00794D7D /* UICollectionViewExtensions.swift in Sources */,
				0482C16226D93F7F00794D7D /* TodaysFixturesViewModel.swift in Sources */,
				0482C15026D6771600794D7D /* LeagueTeamsCollectionViewCell.swift in Sources */,
				0482C15226D6781200794D7D /* LeagueTableViewCell.swift in Sources */,
				045AF1AF26D599BC00AC7A51 /* UIFontExtension.swift in Sources */,
				045AF1B126D5BA1600AC7A51 /* CompetitionsTableViewCell.swift in Sources */,
				0482C16026D92C9B00794D7D /* PresentMenuContainer.swift in Sources */,
				04BF603026DC1A1B009DED22 /* LeagueStandingList+CoreDataClass.swift in Sources */,
				045AF1A726D5832600AC7A51 /* TableViewExtensions.swift in Sources */,
			);
			runOnlyForDeploymentPostprocessing = 0;
		};
		041C2DCF26D56F7B005585E2 /* Sources */ = {
			isa = PBXSourcesBuildPhase;
			buildActionMask = 2147483647;
			files = (
				041C2DD826D56F7B005585E2 /* FootballFixturesTests.swift in Sources */,
			);
			runOnlyForDeploymentPostprocessing = 0;
		};
		041C2DDA26D56F7B005585E2 /* Sources */ = {
			isa = PBXSourcesBuildPhase;
			buildActionMask = 2147483647;
			files = (
				041C2DE326D56F7B005585E2 /* FootballFixturesUITests.swift in Sources */,
			);
			runOnlyForDeploymentPostprocessing = 0;
		};
/* End PBXSourcesBuildPhase section */

/* Begin PBXTargetDependency section */
		041C2DD526D56F7B005585E2 /* PBXTargetDependency */ = {
			isa = PBXTargetDependency;
			target = 041C2DBC26D56F7A005585E2 /* FootballFixtures */;
			targetProxy = 041C2DD426D56F7B005585E2 /* PBXContainerItemProxy */;
		};
		041C2DE026D56F7B005585E2 /* PBXTargetDependency */ = {
			isa = PBXTargetDependency;
			target = 041C2DBC26D56F7A005585E2 /* FootballFixtures */;
			targetProxy = 041C2DDF26D56F7B005585E2 /* PBXContainerItemProxy */;
		};
/* End PBXTargetDependency section */

/* Begin PBXVariantGroup section */
		041C2DCB26D56F7B005585E2 /* LaunchScreen.storyboard */ = {
			isa = PBXVariantGroup;
			children = (
				041C2DCC26D56F7B005585E2 /* Base */,
			);
			name = LaunchScreen.storyboard;
			sourceTree = "<group>";
		};
/* End PBXVariantGroup section */

/* Begin XCBuildConfiguration section */
		041C2DE526D56F7B005585E2 /* Debug */ = {
			isa = XCBuildConfiguration;
			buildSettings = {
				ALWAYS_SEARCH_USER_PATHS = NO;
				CLANG_ANALYZER_NONNULL = YES;
				CLANG_ANALYZER_NUMBER_OBJECT_CONVERSION = YES_AGGRESSIVE;
				CLANG_CXX_LANGUAGE_STANDARD = "gnu++14";
				CLANG_CXX_LIBRARY = "libc++";
				CLANG_ENABLE_MODULES = YES;
				CLANG_ENABLE_OBJC_ARC = YES;
				CLANG_ENABLE_OBJC_WEAK = YES;
				CLANG_WARN_BLOCK_CAPTURE_AUTORELEASING = YES;
				CLANG_WARN_BOOL_CONVERSION = YES;
				CLANG_WARN_COMMA = YES;
				CLANG_WARN_CONSTANT_CONVERSION = YES;
				CLANG_WARN_DEPRECATED_OBJC_IMPLEMENTATIONS = YES;
				CLANG_WARN_DIRECT_OBJC_ISA_USAGE = YES_ERROR;
				CLANG_WARN_DOCUMENTATION_COMMENTS = YES;
				CLANG_WARN_EMPTY_BODY = YES;
				CLANG_WARN_ENUM_CONVERSION = YES;
				CLANG_WARN_INFINITE_RECURSION = YES;
				CLANG_WARN_INT_CONVERSION = YES;
				CLANG_WARN_NON_LITERAL_NULL_CONVERSION = YES;
				CLANG_WARN_OBJC_IMPLICIT_RETAIN_SELF = YES;
				CLANG_WARN_OBJC_LITERAL_CONVERSION = YES;
				CLANG_WARN_OBJC_ROOT_CLASS = YES_ERROR;
				CLANG_WARN_QUOTED_INCLUDE_IN_FRAMEWORK_HEADER = YES;
				CLANG_WARN_RANGE_LOOP_ANALYSIS = YES;
				CLANG_WARN_STRICT_PROTOTYPES = YES;
				CLANG_WARN_SUSPICIOUS_MOVE = YES;
				CLANG_WARN_UNGUARDED_AVAILABILITY = YES_AGGRESSIVE;
				CLANG_WARN_UNREACHABLE_CODE = YES;
				CLANG_WARN__DUPLICATE_METHOD_MATCH = YES;
				COPY_PHASE_STRIP = NO;
				DEBUG_INFORMATION_FORMAT = dwarf;
				ENABLE_STRICT_OBJC_MSGSEND = YES;
				ENABLE_TESTABILITY = YES;
				GCC_C_LANGUAGE_STANDARD = gnu11;
				GCC_DYNAMIC_NO_PIC = NO;
				GCC_NO_COMMON_BLOCKS = YES;
				GCC_OPTIMIZATION_LEVEL = 0;
				GCC_PREPROCESSOR_DEFINITIONS = (
					"DEBUG=1",
					"$(inherited)",
				);
				GCC_WARN_64_TO_32_BIT_CONVERSION = YES;
				GCC_WARN_ABOUT_RETURN_TYPE = YES_ERROR;
				GCC_WARN_UNDECLARED_SELECTOR = YES;
				GCC_WARN_UNINITIALIZED_AUTOS = YES_AGGRESSIVE;
				GCC_WARN_UNUSED_FUNCTION = YES;
				GCC_WARN_UNUSED_VARIABLE = YES;
				IPHONEOS_DEPLOYMENT_TARGET = 14.5;
				MTL_ENABLE_DEBUG_INFO = INCLUDE_SOURCE;
				MTL_FAST_MATH = YES;
				ONLY_ACTIVE_ARCH = YES;
				SDKROOT = iphoneos;
				SWIFT_ACTIVE_COMPILATION_CONDITIONS = DEBUG;
				SWIFT_OPTIMIZATION_LEVEL = "-Onone";
			};
			name = Debug;
		};
		041C2DE626D56F7B005585E2 /* Release */ = {
			isa = XCBuildConfiguration;
			buildSettings = {
				ALWAYS_SEARCH_USER_PATHS = NO;
				CLANG_ANALYZER_NONNULL = YES;
				CLANG_ANALYZER_NUMBER_OBJECT_CONVERSION = YES_AGGRESSIVE;
				CLANG_CXX_LANGUAGE_STANDARD = "gnu++14";
				CLANG_CXX_LIBRARY = "libc++";
				CLANG_ENABLE_MODULES = YES;
				CLANG_ENABLE_OBJC_ARC = YES;
				CLANG_ENABLE_OBJC_WEAK = YES;
				CLANG_WARN_BLOCK_CAPTURE_AUTORELEASING = YES;
				CLANG_WARN_BOOL_CONVERSION = YES;
				CLANG_WARN_COMMA = YES;
				CLANG_WARN_CONSTANT_CONVERSION = YES;
				CLANG_WARN_DEPRECATED_OBJC_IMPLEMENTATIONS = YES;
				CLANG_WARN_DIRECT_OBJC_ISA_USAGE = YES_ERROR;
				CLANG_WARN_DOCUMENTATION_COMMENTS = YES;
				CLANG_WARN_EMPTY_BODY = YES;
				CLANG_WARN_ENUM_CONVERSION = YES;
				CLANG_WARN_INFINITE_RECURSION = YES;
				CLANG_WARN_INT_CONVERSION = YES;
				CLANG_WARN_NON_LITERAL_NULL_CONVERSION = YES;
				CLANG_WARN_OBJC_IMPLICIT_RETAIN_SELF = YES;
				CLANG_WARN_OBJC_LITERAL_CONVERSION = YES;
				CLANG_WARN_OBJC_ROOT_CLASS = YES_ERROR;
				CLANG_WARN_QUOTED_INCLUDE_IN_FRAMEWORK_HEADER = YES;
				CLANG_WARN_RANGE_LOOP_ANALYSIS = YES;
				CLANG_WARN_STRICT_PROTOTYPES = YES;
				CLANG_WARN_SUSPICIOUS_MOVE = YES;
				CLANG_WARN_UNGUARDED_AVAILABILITY = YES_AGGRESSIVE;
				CLANG_WARN_UNREACHABLE_CODE = YES;
				CLANG_WARN__DUPLICATE_METHOD_MATCH = YES;
				COPY_PHASE_STRIP = NO;
				DEBUG_INFORMATION_FORMAT = "dwarf-with-dsym";
				ENABLE_NS_ASSERTIONS = NO;
				ENABLE_STRICT_OBJC_MSGSEND = YES;
				GCC_C_LANGUAGE_STANDARD = gnu11;
				GCC_NO_COMMON_BLOCKS = YES;
				GCC_WARN_64_TO_32_BIT_CONVERSION = YES;
				GCC_WARN_ABOUT_RETURN_TYPE = YES_ERROR;
				GCC_WARN_UNDECLARED_SELECTOR = YES;
				GCC_WARN_UNINITIALIZED_AUTOS = YES_AGGRESSIVE;
				GCC_WARN_UNUSED_FUNCTION = YES;
				GCC_WARN_UNUSED_VARIABLE = YES;
				IPHONEOS_DEPLOYMENT_TARGET = 14.5;
				MTL_ENABLE_DEBUG_INFO = NO;
				MTL_FAST_MATH = YES;
				SDKROOT = iphoneos;
				SWIFT_COMPILATION_MODE = wholemodule;
				SWIFT_OPTIMIZATION_LEVEL = "-O";
				VALIDATE_PRODUCT = YES;
			};
			name = Release;
		};
		041C2DE826D56F7B005585E2 /* Debug */ = {
			isa = XCBuildConfiguration;
			buildSettings = {
				ASSETCATALOG_COMPILER_APPICON_NAME = AppIcon;
				ASSETCATALOG_COMPILER_GLOBAL_ACCENT_COLOR_NAME = AccentColor;
				CODE_SIGN_STYLE = Automatic;
				DEVELOPMENT_TEAM = 25KXZWK48G;
				INFOPLIST_FILE = FootballFixtures/Info.plist;
				LD_RUNPATH_SEARCH_PATHS = (
					"$(inherited)",
					"@executable_path/Frameworks",
				);
				PRODUCT_BUNDLE_IDENTIFIER = com.bileygr.FootballFixtures;
				PRODUCT_NAME = "$(TARGET_NAME)";
				SWIFT_VERSION = 5.0;
				TARGETED_DEVICE_FAMILY = "1,2";
			};
			name = Debug;
		};
		041C2DE926D56F7B005585E2 /* Release */ = {
			isa = XCBuildConfiguration;
			buildSettings = {
				ASSETCATALOG_COMPILER_APPICON_NAME = AppIcon;
				ASSETCATALOG_COMPILER_GLOBAL_ACCENT_COLOR_NAME = AccentColor;
				CODE_SIGN_STYLE = Automatic;
				DEVELOPMENT_TEAM = 25KXZWK48G;
				INFOPLIST_FILE = FootballFixtures/Info.plist;
				LD_RUNPATH_SEARCH_PATHS = (
					"$(inherited)",
					"@executable_path/Frameworks",
				);
				PRODUCT_BUNDLE_IDENTIFIER = com.bileygr.FootballFixtures;
				PRODUCT_NAME = "$(TARGET_NAME)";
				SWIFT_VERSION = 5.0;
				TARGETED_DEVICE_FAMILY = "1,2";
			};
			name = Release;
		};
		041C2DEB26D56F7B005585E2 /* Debug */ = {
			isa = XCBuildConfiguration;
			buildSettings = {
				ALWAYS_EMBED_SWIFT_STANDARD_LIBRARIES = YES;
				BUNDLE_LOADER = "$(TEST_HOST)";
				CODE_SIGN_STYLE = Automatic;
				DEVELOPMENT_TEAM = 25KXZWK48G;
				INFOPLIST_FILE = FootballFixturesTests/Info.plist;
				IPHONEOS_DEPLOYMENT_TARGET = 14.5;
				LD_RUNPATH_SEARCH_PATHS = (
					"$(inherited)",
					"@executable_path/Frameworks",
					"@loader_path/Frameworks",
				);
				PRODUCT_BUNDLE_IDENTIFIER = com.bileygr.FootballFixturesTests;
				PRODUCT_NAME = "$(TARGET_NAME)";
				SWIFT_VERSION = 5.0;
				TARGETED_DEVICE_FAMILY = "1,2";
				TEST_HOST = "$(BUILT_PRODUCTS_DIR)/FootballFixtures.app/FootballFixtures";
			};
			name = Debug;
		};
		041C2DEC26D56F7B005585E2 /* Release */ = {
			isa = XCBuildConfiguration;
			buildSettings = {
				ALWAYS_EMBED_SWIFT_STANDARD_LIBRARIES = YES;
				BUNDLE_LOADER = "$(TEST_HOST)";
				CODE_SIGN_STYLE = Automatic;
				DEVELOPMENT_TEAM = 25KXZWK48G;
				INFOPLIST_FILE = FootballFixturesTests/Info.plist;
				IPHONEOS_DEPLOYMENT_TARGET = 14.5;
				LD_RUNPATH_SEARCH_PATHS = (
					"$(inherited)",
					"@executable_path/Frameworks",
					"@loader_path/Frameworks",
				);
				PRODUCT_BUNDLE_IDENTIFIER = com.bileygr.FootballFixturesTests;
				PRODUCT_NAME = "$(TARGET_NAME)";
				SWIFT_VERSION = 5.0;
				TARGETED_DEVICE_FAMILY = "1,2";
				TEST_HOST = "$(BUILT_PRODUCTS_DIR)/FootballFixtures.app/FootballFixtures";
			};
			name = Release;
		};
		041C2DEE26D56F7B005585E2 /* Debug */ = {
			isa = XCBuildConfiguration;
			buildSettings = {
				ALWAYS_EMBED_SWIFT_STANDARD_LIBRARIES = YES;
				CODE_SIGN_STYLE = Automatic;
				DEVELOPMENT_TEAM = 25KXZWK48G;
				INFOPLIST_FILE = FootballFixturesUITests/Info.plist;
				LD_RUNPATH_SEARCH_PATHS = (
					"$(inherited)",
					"@executable_path/Frameworks",
					"@loader_path/Frameworks",
				);
				PRODUCT_BUNDLE_IDENTIFIER = com.bileygr.FootballFixturesUITests;
				PRODUCT_NAME = "$(TARGET_NAME)";
				SWIFT_VERSION = 5.0;
				TARGETED_DEVICE_FAMILY = "1,2";
				TEST_TARGET_NAME = FootballFixtures;
			};
			name = Debug;
		};
		041C2DEF26D56F7B005585E2 /* Release */ = {
			isa = XCBuildConfiguration;
			buildSettings = {
				ALWAYS_EMBED_SWIFT_STANDARD_LIBRARIES = YES;
				CODE_SIGN_STYLE = Automatic;
				DEVELOPMENT_TEAM = 25KXZWK48G;
				INFOPLIST_FILE = FootballFixturesUITests/Info.plist;
				LD_RUNPATH_SEARCH_PATHS = (
					"$(inherited)",
					"@executable_path/Frameworks",
					"@loader_path/Frameworks",
				);
				PRODUCT_BUNDLE_IDENTIFIER = com.bileygr.FootballFixturesUITests;
				PRODUCT_NAME = "$(TARGET_NAME)";
				SWIFT_VERSION = 5.0;
				TARGETED_DEVICE_FAMILY = "1,2";
				TEST_TARGET_NAME = FootballFixtures;
			};
			name = Release;
		};
/* End XCBuildConfiguration section */

/* Begin XCConfigurationList section */
		041C2DB826D56F7A005585E2 /* Build configuration list for PBXProject "FootballFixtures" */ = {
			isa = XCConfigurationList;
			buildConfigurations = (
				041C2DE526D56F7B005585E2 /* Debug */,
				041C2DE626D56F7B005585E2 /* Release */,
			);
			defaultConfigurationIsVisible = 0;
			defaultConfigurationName = Release;
		};
		041C2DE726D56F7B005585E2 /* Build configuration list for PBXNativeTarget "FootballFixtures" */ = {
			isa = XCConfigurationList;
			buildConfigurations = (
				041C2DE826D56F7B005585E2 /* Debug */,
				041C2DE926D56F7B005585E2 /* Release */,
			);
			defaultConfigurationIsVisible = 0;
			defaultConfigurationName = Release;
		};
		041C2DEA26D56F7B005585E2 /* Build configuration list for PBXNativeTarget "FootballFixturesTests" */ = {
			isa = XCConfigurationList;
			buildConfigurations = (
				041C2DEB26D56F7B005585E2 /* Debug */,
				041C2DEC26D56F7B005585E2 /* Release */,
			);
			defaultConfigurationIsVisible = 0;
			defaultConfigurationName = Release;
		};
		041C2DED26D56F7B005585E2 /* Build configuration list for PBXNativeTarget "FootballFixturesUITests" */ = {
			isa = XCConfigurationList;
			buildConfigurations = (
				041C2DEE26D56F7B005585E2 /* Debug */,
				041C2DEF26D56F7B005585E2 /* Release */,
			);
			defaultConfigurationIsVisible = 0;
			defaultConfigurationName = Release;
		};
/* End XCConfigurationList section */

/* Begin XCRemoteSwiftPackageReference section */
		0482C17626DA8C7100794D7D /* XCRemoteSwiftPackageReference "SDWebImageSVGCoder" */ = {
			isa = XCRemoteSwiftPackageReference;
			repositoryURL = "https://github.com/SDWebImage/SDWebImageSVGCoder.git";
			requirement = {
				kind = upToNextMajorVersion;
				minimumVersion = 1.6.0;
			};
		};
/* End XCRemoteSwiftPackageReference section */

/* Begin XCSwiftPackageProductDependency section */
		0482C17726DA8C7100794D7D /* SDWebImageSVGCoder */ = {
			isa = XCSwiftPackageProductDependency;
			package = 0482C17626DA8C7100794D7D /* XCRemoteSwiftPackageReference "SDWebImageSVGCoder" */;
			productName = SDWebImageSVGCoder;
		};
/* End XCSwiftPackageProductDependency section */

/* Begin XCVersionGroup section */
		04BF601C26DBFEEC009DED22 /* FootballData.xcdatamodeld */ = {
			isa = XCVersionGroup;
			children = (
				04BF601D26DBFEEC009DED22 /* FootballData.xcdatamodel */,
			);
			currentVersion = 04BF601D26DBFEEC009DED22 /* FootballData.xcdatamodel */;
			path = FootballData.xcdatamodeld;
			sourceTree = "<group>";
			versionGroupType = wrapper.xcdatamodel;
		};
/* End XCVersionGroup section */
	};
	rootObject = 041C2DB526D56F7A005585E2 /* Project object */;
}
