// !$*UTF8*$!
{
	archiveVersion = 1;
	classes = {
	};
	objectVersion = 50;
	objects = {

/* Begin PBXBuildFile section */
		041C2DC126D56F7A005585E2 /* AppDelegate.swift in Sources */ = {isa = PBXBuildFile; fileRef = 041C2DC026D56F7A005585E2 /* AppDelegate.swift */; };
		041C2DC326D56F7A005585E2 /* SceneDelegate.swift in Sources */ = {isa = PBXBuildFile; fileRef = 041C2DC226D56F7A005585E2 /* SceneDelegate.swift */; };
		041C2DC526D56F7A005585E2 /* TodaysFixturesViewController.swift in Sources */ = {isa = PBXBuildFile; fileRef = 041C2DC426D56F7A005585E2 /* TodaysFixturesViewController.swift */; };
		041C2DCA26D56F7B005585E2 /* Assets.xcassets in Resources */ = {isa = PBXBuildFile; fileRef = 041C2DC926D56F7B005585E2 /* Assets.xcassets */; };
		041C2DCD26D56F7B005585E2 /* LaunchScreen.storyboard in Resources */ = {isa = PBXBuildFile; fileRef = 041C2DCB26D56F7B005585E2 /* LaunchScreen.storyboard */; };
		041C2DD826D56F7B005585E2 /* FootballFixturesTests.swift in Sources */ = {isa = PBXBuildFile; fileRef = 041C2DD726D56F7B005585E2 /* FootballFixturesTests.swift */; };
		041C2DE326D56F7B005585E2 /* FootballFixturesUITests.swift in Sources */ = {isa = PBXBuildFile; fileRef = 041C2DE226D56F7B005585E2 /* FootballFixturesUITests.swift */; };
		045AF19826D5711700AC7A51 /* HomeTabBarViewController.swift in Sources */ = {isa = PBXBuildFile; fileRef = 045AF19726D5711700AC7A51 /* HomeTabBarViewController.swift */; };
		045AF19A26D5715300AC7A51 /* CompetitionsViewController.swift in Sources */ = {isa = PBXBuildFile; fileRef = 045AF19926D5715300AC7A51 /* CompetitionsViewController.swift */; };
		045AF19D26D5740D00AC7A51 /* UIViewExtensions.swift in Sources */ = {isa = PBXBuildFile; fileRef = 045AF19C26D5740D00AC7A51 /* UIViewExtensions.swift */; };
		045AF1A226D580C100AC7A51 /* Constants.swift in Sources */ = {isa = PBXBuildFile; fileRef = 045AF1A126D580C100AC7A51 /* Constants.swift */; };
		045AF1A526D5830F00AC7A51 /* TodaysFixturesTableViewCell.swift in Sources */ = {isa = PBXBuildFile; fileRef = 045AF1A426D5830F00AC7A51 /* TodaysFixturesTableViewCell.swift */; };
		045AF1A726D5832600AC7A51 /* TableViewExtensions.swift in Sources */ = {isa = PBXBuildFile; fileRef = 045AF1A626D5832600AC7A51 /* TableViewExtensions.swift */; };
		045AF1AA26D5918700AC7A51 /* TodaysFixtureModel.swift in Sources */ = {isa = PBXBuildFile; fileRef = 045AF1A926D5918700AC7A51 /* TodaysFixtureModel.swift */; };
		045AF1AD26D591E800AC7A51 /* TodaysCellViewModel.swift in Sources */ = {isa = PBXBuildFile; fileRef = 045AF1AC26D591E800AC7A51 /* TodaysCellViewModel.swift */; };
		045AF1AF26D599BC00AC7A51 /* UIFontExtension.swift in Sources */ = {isa = PBXBuildFile; fileRef = 045AF1AE26D599BC00AC7A51 /* UIFontExtension.swift */; };
		045AF1B126D5BA1600AC7A51 /* CompetitionsTableViewCell.swift in Sources */ = {isa = PBXBuildFile; fileRef = 045AF1B026D5BA1600AC7A51 /* CompetitionsTableViewCell.swift */; };
/* End PBXBuildFile section */

/* Begin PBXContainerItemProxy section */
		041C2DD426D56F7B005585E2 /* PBXContainerItemProxy */ = {
			isa = PBXContainerItemProxy;
			containerPortal = 041C2DB526D56F7A005585E2 /* Project object */;
			proxyType = 1;
			remoteGlobalIDString = 041C2DBC26D56F7A005585E2;
			remoteInfo = FootballFixtures;
		};
		041C2DDF26D56F7B005585E2 /* PBXContainerItemProxy */ = {
			isa = PBXContainerItemProxy;
			containerPortal = 041C2DB526D56F7A005585E2 /* Project object */;
			proxyType = 1;
			remoteGlobalIDString = 041C2DBC26D56F7A005585E2;
			remoteInfo = FootballFixtures;
		};
/* End PBXContainerItemProxy section */

/* Begin PBXFileReference section */
		041C2DBD26D56F7A005585E2 /* FootballFixtures.app */ = {isa = PBXFileReference; explicitFileType = wrapper.application; includeInIndex = 0; path = FootballFixtures.app; sourceTree = BUILT_PRODUCTS_DIR; };
		041C2DC026D56F7A005585E2 /* AppDelegate.swift */ = {isa = PBXFileReference; lastKnownFileType = sourcecode.swift; path = AppDelegate.swift; sourceTree = "<group>"; };
		041C2DC226D56F7A005585E2 /* SceneDelegate.swift */ = {isa = PBXFileReference; lastKnownFileType = sourcecode.swift; path = SceneDelegate.swift; sourceTree = "<group>"; };
		041C2DC426D56F7A005585E2 /* TodaysFixturesViewController.swift */ = {isa = PBXFileReference; lastKnownFileType = sourcecode.swift; path = TodaysFixturesViewController.swift; sourceTree = "<group>"; };
		041C2DC926D56F7B005585E2 /* Assets.xcassets */ = {isa = PBXFileReference; lastKnownFileType = folder.assetcatalog; path = Assets.xcassets; sourceTree = "<group>"; };
		041C2DCC26D56F7B005585E2 /* Base */ = {isa = PBXFileReference; lastKnownFileType = file.storyboard; name = Base; path = Base.lproj/LaunchScreen.storyboard; sourceTree = "<group>"; };
		041C2DCE26D56F7B005585E2 /* Info.plist */ = {isa = PBXFileReference; lastKnownFileType = text.plist.xml; path = Info.plist; sourceTree = "<group>"; };
		041C2DD326D56F7B005585E2 /* FootballFixturesTests.xctest */ = {isa = PBXFileReference; explicitFileType = wrapper.cfbundle; includeInIndex = 0; path = FootballFixturesTests.xctest; sourceTree = BUILT_PRODUCTS_DIR; };
		041C2DD726D56F7B005585E2 /* FootballFixturesTests.swift */ = {isa = PBXFileReference; lastKnownFileType = sourcecode.swift; path = FootballFixturesTests.swift; sourceTree = "<group>"; };
		041C2DD926D56F7B005585E2 /* Info.plist */ = {isa = PBXFileReference; lastKnownFileType = text.plist.xml; path = Info.plist; sourceTree = "<group>"; };
		041C2DDE26D56F7B005585E2 /* FootballFixturesUITests.xctest */ = {isa = PBXFileReference; explicitFileType = wrapper.cfbundle; includeInIndex = 0; path = FootballFixturesUITests.xctest; sourceTree = BUILT_PRODUCTS_DIR; };
		041C2DE226D56F7B005585E2 /* FootballFixturesUITests.swift */ = {isa = PBXFileReference; lastKnownFileType = sourcecode.swift; path = FootballFixturesUITests.swift; sourceTree = "<group>"; };
		041C2DE426D56F7B005585E2 /* Info.plist */ = {isa = PBXFileReference; lastKnownFileType = text.plist.xml; path = Info.plist; sourceTree = "<group>"; };
		045AF19726D5711700AC7A51 /* HomeTabBarViewController.swift */ = {isa = PBXFileReference; lastKnownFileType = sourcecode.swift; path = HomeTabBarViewController.swift; sourceTree = "<group>"; };
		045AF19926D5715300AC7A51 /* CompetitionsViewController.swift */ = {isa = PBXFileReference; lastKnownFileType = sourcecode.swift; path = CompetitionsViewController.swift; sourceTree = "<group>"; };
		045AF19C26D5740D00AC7A51 /* UIViewExtensions.swift */ = {isa = PBXFileReference; lastKnownFileType = sourcecode.swift; path = UIViewExtensions.swift; sourceTree = "<group>"; };
		045AF1A126D580C100AC7A51 /* Constants.swift */ = {isa = PBXFileReference; lastKnownFileType = sourcecode.swift; path = Constants.swift; sourceTree = "<group>"; };
		045AF1A426D5830F00AC7A51 /* TodaysFixturesTableViewCell.swift */ = {isa = PBXFileReference; lastKnownFileType = sourcecode.swift; path = TodaysFixturesTableViewCell.swift; sourceTree = "<group>"; };
		045AF1A626D5832600AC7A51 /* TableViewExtensions.swift */ = {isa = PBXFileReference; lastKnownFileType = sourcecode.swift; path = TableViewExtensions.swift; sourceTree = "<group>"; };
		045AF1A926D5918700AC7A51 /* TodaysFixtureModel.swift */ = {isa = PBXFileReference; lastKnownFileType = sourcecode.swift; path = TodaysFixtureModel.swift; sourceTree = "<group>"; };
		045AF1AC26D591E800AC7A51 /* TodaysCellViewModel.swift */ = {isa = PBXFileReference; lastKnownFileType = sourcecode.swift; path = TodaysCellViewModel.swift; sourceTree = "<group>"; };
		045AF1AE26D599BC00AC7A51 /* UIFontExtension.swift */ = {isa = PBXFileReference; lastKnownFileType = sourcecode.swift; path = UIFontExtension.swift; sourceTree = "<group>"; };
		045AF1B026D5BA1600AC7A51 /* CompetitionsTableViewCell.swift */ = {isa = PBXFileReference; lastKnownFileType = sourcecode.swift; path = CompetitionsTableViewCell.swift; sourceTree = "<group>"; };
/* End PBXFileReference section */

/* Begin PBXFrameworksBuildPhase section */
		041C2DBA26D56F7A005585E2 /* Frameworks */ = {
			isa = PBXFrameworksBuildPhase;
			buildActionMask = 2147483647;
			files = (
			);
			runOnlyForDeploymentPostprocessing = 0;
		};
		041C2DD026D56F7B005585E2 /* Frameworks */ = {
			isa = PBXFrameworksBuildPhase;
			buildActionMask = 2147483647;
			files = (
			);
			runOnlyForDeploymentPostprocessing = 0;
		};
		041C2DDB26D56F7B005585E2 /* Frameworks */ = {
			isa = PBXFrameworksBuildPhase;
			buildActionMask = 2147483647;
			files = (
			);
			runOnlyForDeploymentPostprocessing = 0;
		};
/* End PBXFrameworksBuildPhase section */

/* Begin PBXGroup section */
		041C2DB426D56F7A005585E2 = {
			isa = PBXGroup;
			children = (
				041C2DBF26D56F7A005585E2 /* FootballFixtures */,
				041C2DD626D56F7B005585E2 /* FootballFixturesTests */,
				041C2DE126D56F7B005585E2 /* FootballFixturesUITests */,
				041C2DBE26D56F7A005585E2 /* Products */,
			);
			sourceTree = "<group>";
		};
		041C2DBE26D56F7A005585E2 /* Products */ = {
			isa = PBXGroup;
			children = (
				041C2DBD26D56F7A005585E2 /* FootballFixtures.app */,
				041C2DD326D56F7B005585E2 /* FootballFixturesTests.xctest */,
				041C2DDE26D56F7B005585E2 /* FootballFixturesUITests.xctest */,
			);
			name = Products;
			sourceTree = "<group>";
		};
		041C2DBF26D56F7A005585E2 /* FootballFixtures */ = {
			isa = PBXGroup;
			children = (
				045AF1AB26D591D100AC7A51 /* ViewModel */,
				045AF1A826D5916A00AC7A51 /* Models */,
				045AF1A326D582F100AC7A51 /* Views */,
				045AF19B26D5716C00AC7A51 /* Controllers */,
				041C2DC026D56F7A005585E2 /* AppDelegate.swift */,
				041C2DC226D56F7A005585E2 /* SceneDelegate.swift */,
				045AF1A026D5809B00AC7A51 /* Resources */,
				041C2DC926D56F7B005585E2 /* Assets.xcassets */,
				041C2DCB26D56F7B005585E2 /* LaunchScreen.storyboard */,
				041C2DCE26D56F7B005585E2 /* Info.plist */,
			);
			path = FootballFixtures;
			sourceTree = "<group>";
		};
		041C2DD626D56F7B005585E2 /* FootballFixturesTests */ = {
			isa = PBXGroup;
			children = (
				041C2DD726D56F7B005585E2 /* FootballFixturesTests.swift */,
				041C2DD926D56F7B005585E2 /* Info.plist */,
			);
			path = FootballFixturesTests;
			sourceTree = "<group>";
		};
		041C2DE126D56F7B005585E2 /* FootballFixturesUITests */ = {
			isa = PBXGroup;
			children = (
				041C2DE226D56F7B005585E2 /* FootballFixturesUITests.swift */,
				041C2DE426D56F7B005585E2 /* Info.plist */,
			);
			path = FootballFixturesUITests;
			sourceTree = "<group>";
		};
		045AF19B26D5716C00AC7A51 /* Controllers */ = {
			isa = PBXGroup;
			children = (
				045AF19726D5711700AC7A51 /* HomeTabBarViewController.swift */,
				041C2DC426D56F7A005585E2 /* TodaysFixturesViewController.swift */,
				045AF19926D5715300AC7A51 /* CompetitionsViewController.swift */,
			);
			path = Controllers;
			sourceTree = "<group>";
		};
		045AF1A026D5809B00AC7A51 /* Resources */ = {
			isa = PBXGroup;
			children = (
				045AF1A126D580C100AC7A51 /* Constants.swift */,
				045AF1A626D5832600AC7A51 /* TableViewExtensions.swift */,
				045AF19C26D5740D00AC7A51 /* UIViewExtensions.swift */,
				045AF1AE26D599BC00AC7A51 /* UIFontExtension.swift */,
			);
			path = Resources;
			sourceTree = "<group>";
		};
		045AF1A326D582F100AC7A51 /* Views */ = {
			isa = PBXGroup;
			children = (
				045AF1A426D5830F00AC7A51 /* TodaysFixturesTableViewCell.swift */,
				045AF1B026D5BA1600AC7A51 /* CompetitionsTableViewCell.swift */,
			);
			path = Views;
			sourceTree = "<group>";
		};
		045AF1A826D5916A00AC7A51 /* Models */ = {
			isa = PBXGroup;
			children = (
				045AF1A926D5918700AC7A51 /* TodaysFixtureModel.swift */,
			);
			path = Models;
			sourceTree = "<group>";
		};
		045AF1AB26D591D100AC7A51 /* ViewModel */ = {
			isa = PBXGroup;
			children = (
				045AF1AC26D591E800AC7A51 /* TodaysCellViewModel.swift */,
			);
			path = ViewModel;
			sourceTree = "<group>";
		};
/* End PBXGroup section */

/* Begin PBXNativeTarget section */
		041C2DBC26D56F7A005585E2 /* FootballFixtures */ = {
			isa = PBXNativeTarget;
			buildConfigurationList = 041C2DE726D56F7B005585E2 /* Build configuration list for PBXNativeTarget "FootballFixtures" */;
			buildPhases = (
				041C2DB926D56F7A005585E2 /* Sources */,
				041C2DBA26D56F7A005585E2 /* Frameworks */,
				041C2DBB26D56F7A005585E2 /* Resources */,
			);
			buildRules = (
			);
			dependencies = (
			);
			name = FootballFixtures;
			productName = FootballFixtures;
			productReference = 041C2DBD26D56F7A005585E2 /* FootballFixtures.app */;
			productType = "com.apple.product-type.application";
		};
		041C2DD226D56F7B005585E2 /* FootballFixturesTests */ = {
			isa = PBXNativeTarget;
			buildConfigurationList = 041C2DEA26D56F7B005585E2 /* Build configuration list for PBXNativeTarget "FootballFixturesTests" */;
			buildPhases = (
				041C2DCF26D56F7B005585E2 /* Sources */,
				041C2DD026D56F7B005585E2 /* Frameworks */,
				041C2DD126D56F7B005585E2 /* Resources */,
			);
			buildRules = (
			);
			dependencies = (
				041C2DD526D56F7B005585E2 /* PBXTargetDependency */,
			);
			name = FootballFixturesTests;
			productName = FootballFixturesTests;
			productReference = 041C2DD326D56F7B005585E2 /* FootballFixturesTests.xctest */;
			productType = "com.apple.product-type.bundle.unit-test";
		};
		041C2DDD26D56F7B005585E2 /* FootballFixturesUITests */ = {
			isa = PBXNativeTarget;
			buildConfigurationList = 041C2DED26D56F7B005585E2 /* Build configuration list for PBXNativeTarget "FootballFixturesUITests" */;
			buildPhases = (
				041C2DDA26D56F7B005585E2 /* Sources */,
				041C2DDB26D56F7B005585E2 /* Frameworks */,
				041C2DDC26D56F7B005585E2 /* Resources */,
			);
			buildRules = (
			);
			dependencies = (
				041C2DE026D56F7B005585E2 /* PBXTargetDependency */,
			);
			name = FootballFixturesUITests;
			productName = FootballFixturesUITests;
			productReference = 041C2DDE26D56F7B005585E2 /* FootballFixturesUITests.xctest */;
			productType = "com.apple.product-type.bundle.ui-testing";
		};
/* End PBXNativeTarget section */

/* Begin PBXProject section */
		041C2DB526D56F7A005585E2 /* Project object */ = {
			isa = PBXProject;
			attributes = {
				LastSwiftUpdateCheck = 1250;
				LastUpgradeCheck = 1250;
				TargetAttributes = {
					041C2DBC26D56F7A005585E2 = {
						CreatedOnToolsVersion = 12.5;
					};
					041C2DD226D56F7B005585E2 = {
						CreatedOnToolsVersion = 12.5;
						TestTargetID = 041C2DBC26D56F7A005585E2;
					};
					041C2DDD26D56F7B005585E2 = {
						CreatedOnToolsVersion = 12.5;
						TestTargetID = 041C2DBC26D56F7A005585E2;
					};
				};
			};
			buildConfigurationList = 041C2DB826D56F7A005585E2 /* Build configuration list for PBXProject "FootballFixtures" */;
			compatibilityVersion = "Xcode 9.3";
			developmentRegion = en;
			hasScannedForEncodings = 0;
			knownRegions = (
				en,
				Base,
			);
			mainGroup = 041C2DB426D56F7A005585E2;
			productRefGroup = 041C2DBE26D56F7A005585E2 /* Products */;
			projectDirPath = "";
			projectRoot = "";
			targets = (
				041C2DBC26D56F7A005585E2 /* FootballFixtures */,
				041C2DD226D56F7B005585E2 /* FootballFixturesTests */,
				041C2DDD26D56F7B005585E2 /* FootballFixturesUITests */,
			);
		};
/* End PBXProject section */

/* Begin PBXResourcesBuildPhase section */
		041C2DBB26D56F7A005585E2 /* Resources */ = {
			isa = PBXResourcesBuildPhase;
			buildActionMask = 2147483647;
			files = (
				041C2DCD26D56F7B005585E2 /* LaunchScreen.storyboard in Resources */,
				041C2DCA26D56F7B005585E2 /* Assets.xcassets in Resources */,
			);
			runOnlyForDeploymentPostprocessing = 0;
		};
		041C2DD126D56F7B005585E2 /* Resources */ = {
			isa = PBXResourcesBuildPhase;
			buildActionMask = 2147483647;
			files = (
			);
			runOnlyForDeploymentPostprocessing = 0;
		};
		041C2DDC26D56F7B005585E2 /* Resources */ = {
			isa = PBXResourcesBuildPhase;
			buildActionMask = 2147483647;
			files = (
			);
			runOnlyForDeploymentPostprocessing = 0;
		};
/* End PBXResourcesBuildPhase section */

/* Begin PBXSourcesBuildPhase section */
		041C2DB926D56F7A005585E2 /* Sources */ = {
			isa = PBXSourcesBuildPhase;
			buildActionMask = 2147483647;
			files = (
				041C2DC526D56F7A005585E2 /* TodaysFixturesViewController.swift in Sources */,
				045AF1AD26D591E800AC7A51 /* TodaysCellViewModel.swift in Sources */,
				045AF19D26D5740D00AC7A51 /* UIViewExtensions.swift in Sources */,
				045AF19A26D5715300AC7A51 /* CompetitionsViewController.swift in Sources */,
				045AF19826D5711700AC7A51 /* HomeTabBarViewController.swift in Sources */,
				045AF1A226D580C100AC7A51 /* Constants.swift in Sources */,
				045AF1AA26D5918700AC7A51 /* TodaysFixtureModel.swift in Sources */,
				041C2DC126D56F7A005585E2 /* AppDelegate.swift in Sources */,
				041C2DC326D56F7A005585E2 /* SceneDelegate.swift in Sources */,
				045AF1A526D5830F00AC7A51 /* TodaysFixturesTableViewCell.swift in Sources */,
				045AF1AF26D599BC00AC7A51 /* UIFontExtension.swift in Sources */,
				045AF1B126D5BA1600AC7A51 /* CompetitionsTableViewCell.swift in Sources */,
				045AF1A726D5832600AC7A51 /* TableViewExtensions.swift in Sources */,
			);
			runOnlyForDeploymentPostprocessing = 0;
		};
		041C2DCF26D56F7B005585E2 /* Sources */ = {
			isa = PBXSourcesBuildPhase;
			buildActionMask = 2147483647;
			files = (
				041C2DD826D56F7B005585E2 /* FootballFixturesTests.swift in Sources */,
			);
			runOnlyForDeploymentPostprocessing = 0;
		};
		041C2DDA26D56F7B005585E2 /* Sources */ = {
			isa = PBXSourcesBuildPhase;
			buildActionMask = 2147483647;
			files = (
				041C2DE326D56F7B005585E2 /* FootballFixturesUITests.swift in Sources */,
			);
			runOnlyForDeploymentPostprocessing = 0;
		};
/* End PBXSourcesBuildPhase section */

/* Begin PBXTargetDependency section */
		041C2DD526D56F7B005585E2 /* PBXTargetDependency */ = {
			isa = PBXTargetDependency;
			target = 041C2DBC26D56F7A005585E2 /* FootballFixtures */;
			targetProxy = 041C2DD426D56F7B005585E2 /* PBXContainerItemProxy */;
		};
		041C2DE026D56F7B005585E2 /* PBXTargetDependency */ = {
			isa = PBXTargetDependency;
			target = 041C2DBC26D56F7A005585E2 /* FootballFixtures */;
			targetProxy = 041C2DDF26D56F7B005585E2 /* PBXContainerItemProxy */;
		};
/* End PBXTargetDependency section */

/* Begin PBXVariantGroup section */
		041C2DCB26D56F7B005585E2 /* LaunchScreen.storyboard */ = {
			isa = PBXVariantGroup;
			children = (
				041C2DCC26D56F7B005585E2 /* Base */,
			);
			name = LaunchScreen.storyboard;
			sourceTree = "<group>";
		};
/* End PBXVariantGroup section */

/* Begin XCBuildConfiguration section */
		041C2DE526D56F7B005585E2 /* Debug */ = {
			isa = XCBuildConfiguration;
			buildSettings = {
				ALWAYS_SEARCH_USER_PATHS = NO;
				CLANG_ANALYZER_NONNULL = YES;
				CLANG_ANALYZER_NUMBER_OBJECT_CONVERSION = YES_AGGRESSIVE;
				CLANG_CXX_LANGUAGE_STANDARD = "gnu++14";
				CLANG_CXX_LIBRARY = "libc++";
				CLANG_ENABLE_MODULES = YES;
				CLANG_ENABLE_OBJC_ARC = YES;
				CLANG_ENABLE_OBJC_WEAK = YES;
				CLANG_WARN_BLOCK_CAPTURE_AUTORELEASING = YES;
				CLANG_WARN_BOOL_CONVERSION = YES;
				CLANG_WARN_COMMA = YES;
				CLANG_WARN_CONSTANT_CONVERSION = YES;
				CLANG_WARN_DEPRECATED_OBJC_IMPLEMENTATIONS = YES;
				CLANG_WARN_DIRECT_OBJC_ISA_USAGE = YES_ERROR;
				CLANG_WARN_DOCUMENTATION_COMMENTS = YES;
				CLANG_WARN_EMPTY_BODY = YES;
				CLANG_WARN_ENUM_CONVERSION = YES;
				CLANG_WARN_INFINITE_RECURSION = YES;
				CLANG_WARN_INT_CONVERSION = YES;
				CLANG_WARN_NON_LITERAL_NULL_CONVERSION = YES;
				CLANG_WARN_OBJC_IMPLICIT_RETAIN_SELF = YES;
				CLANG_WARN_OBJC_LITERAL_CONVERSION = YES;
				CLANG_WARN_OBJC_ROOT_CLASS = YES_ERROR;
				CLANG_WARN_QUOTED_INCLUDE_IN_FRAMEWORK_HEADER = YES;
				CLANG_WARN_RANGE_LOOP_ANALYSIS = YES;
				CLANG_WARN_STRICT_PROTOTYPES = YES;
				CLANG_WARN_SUSPICIOUS_MOVE = YES;
				CLANG_WARN_UNGUARDED_AVAILABILITY = YES_AGGRESSIVE;
				CLANG_WARN_UNREACHABLE_CODE = YES;
				CLANG_WARN__DUPLICATE_METHOD_MATCH = YES;
				COPY_PHASE_STRIP = NO;
				DEBUG_INFORMATION_FORMAT = dwarf;
				ENABLE_STRICT_OBJC_MSGSEND = YES;
				ENABLE_TESTABILITY = YES;
				GCC_C_LANGUAGE_STANDARD = gnu11;
				GCC_DYNAMIC_NO_PIC = NO;
				GCC_NO_COMMON_BLOCKS = YES;
				GCC_OPTIMIZATION_LEVEL = 0;
				GCC_PREPROCESSOR_DEFINITIONS = (
					"DEBUG=1",
					"$(inherited)",
				);
				GCC_WARN_64_TO_32_BIT_CONVERSION = YES;
				GCC_WARN_ABOUT_RETURN_TYPE = YES_ERROR;
				GCC_WARN_UNDECLARED_SELECTOR = YES;
				GCC_WARN_UNINITIALIZED_AUTOS = YES_AGGRESSIVE;
				GCC_WARN_UNUSED_FUNCTION = YES;
				GCC_WARN_UNUSED_VARIABLE = YES;
				IPHONEOS_DEPLOYMENT_TARGET = 14.5;
				MTL_ENABLE_DEBUG_INFO = INCLUDE_SOURCE;
				MTL_FAST_MATH = YES;
				ONLY_ACTIVE_ARCH = YES;
				SDKROOT = iphoneos;
				SWIFT_ACTIVE_COMPILATION_CONDITIONS = DEBUG;
				SWIFT_OPTIMIZATION_LEVEL = "-Onone";
			};
			name = Debug;
		};
		041C2DE626D56F7B005585E2 /* Release */ = {
			isa = XCBuildConfiguration;
			buildSettings = {
				ALWAYS_SEARCH_USER_PATHS = NO;
				CLANG_ANALYZER_NONNULL = YES;
				CLANG_ANALYZER_NUMBER_OBJECT_CONVERSION = YES_AGGRESSIVE;
				CLANG_CXX_LANGUAGE_STANDARD = "gnu++14";
				CLANG_CXX_LIBRARY = "libc++";
				CLANG_ENABLE_MODULES = YES;
				CLANG_ENABLE_OBJC_ARC = YES;
				CLANG_ENABLE_OBJC_WEAK = YES;
				CLANG_WARN_BLOCK_CAPTURE_AUTORELEASING = YES;
				CLANG_WARN_BOOL_CONVERSION = YES;
				CLANG_WARN_COMMA = YES;
				CLANG_WARN_CONSTANT_CONVERSION = YES;
				CLANG_WARN_DEPRECATED_OBJC_IMPLEMENTATIONS = YES;
				CLANG_WARN_DIRECT_OBJC_ISA_USAGE = YES_ERROR;
				CLANG_WARN_DOCUMENTATION_COMMENTS = YES;
				CLANG_WARN_EMPTY_BODY = YES;
				CLANG_WARN_ENUM_CONVERSION = YES;
				CLANG_WARN_INFINITE_RECURSION = YES;
				CLANG_WARN_INT_CONVERSION = YES;
				CLANG_WARN_NON_LITERAL_NULL_CONVERSION = YES;
				CLANG_WARN_OBJC_IMPLICIT_RETAIN_SELF = YES;
				CLANG_WARN_OBJC_LITERAL_CONVERSION = YES;
				CLANG_WARN_OBJC_ROOT_CLASS = YES_ERROR;
				CLANG_WARN_QUOTED_INCLUDE_IN_FRAMEWORK_HEADER = YES;
				CLANG_WARN_RANGE_LOOP_ANALYSIS = YES;
				CLANG_WARN_STRICT_PROTOTYPES = YES;
				CLANG_WARN_SUSPICIOUS_MOVE = YES;
				CLANG_WARN_UNGUARDED_AVAILABILITY = YES_AGGRESSIVE;
				CLANG_WARN_UNREACHABLE_CODE = YES;
				CLANG_WARN__DUPLICATE_METHOD_MATCH = YES;
				COPY_PHASE_STRIP = NO;
				DEBUG_INFORMATION_FORMAT = "dwarf-with-dsym";
				ENABLE_NS_ASSERTIONS = NO;
				ENABLE_STRICT_OBJC_MSGSEND = YES;
				GCC_C_LANGUAGE_STANDARD = gnu11;
				GCC_NO_COMMON_BLOCKS = YES;
				GCC_WARN_64_TO_32_BIT_CONVERSION = YES;
				GCC_WARN_ABOUT_RETURN_TYPE = YES_ERROR;
				GCC_WARN_UNDECLARED_SELECTOR = YES;
				GCC_WARN_UNINITIALIZED_AUTOS = YES_AGGRESSIVE;
				GCC_WARN_UNUSED_FUNCTION = YES;
				GCC_WARN_UNUSED_VARIABLE = YES;
				IPHONEOS_DEPLOYMENT_TARGET = 14.5;
				MTL_ENABLE_DEBUG_INFO = NO;
				MTL_FAST_MATH = YES;
				SDKROOT = iphoneos;
				SWIFT_COMPILATION_MODE = wholemodule;
				SWIFT_OPTIMIZATION_LEVEL = "-O";
				VALIDATE_PRODUCT = YES;
			};
			name = Release;
		};
		041C2DE826D56F7B005585E2 /* Debug */ = {
			isa = XCBuildConfiguration;
			buildSettings = {
				ASSETCATALOG_COMPILER_APPICON_NAME = AppIcon;
				ASSETCATALOG_COMPILER_GLOBAL_ACCENT_COLOR_NAME = AccentColor;
				CODE_SIGN_STYLE = Automatic;
				DEVELOPMENT_TEAM = 25KXZWK48G;
				INFOPLIST_FILE = FootballFixtures/Info.plist;
				LD_RUNPATH_SEARCH_PATHS = (
					"$(inherited)",
					"@executable_path/Frameworks",
				);
				PRODUCT_BUNDLE_IDENTIFIER = com.bileygr.FootballFixtures;
				PRODUCT_NAME = "$(TARGET_NAME)";
				SWIFT_VERSION = 5.0;
				TARGETED_DEVICE_FAMILY = "1,2";
			};
			name = Debug;
		};
		041C2DE926D56F7B005585E2 /* Release */ = {
			isa = XCBuildConfiguration;
			buildSettings = {
				ASSETCATALOG_COMPILER_APPICON_NAME = AppIcon;
				ASSETCATALOG_COMPILER_GLOBAL_ACCENT_COLOR_NAME = AccentColor;
				CODE_SIGN_STYLE = Automatic;
				DEVELOPMENT_TEAM = 25KXZWK48G;
				INFOPLIST_FILE = FootballFixtures/Info.plist;
				LD_RUNPATH_SEARCH_PATHS = (
					"$(inherited)",
					"@executable_path/Frameworks",
				);
				PRODUCT_BUNDLE_IDENTIFIER = com.bileygr.FootballFixtures;
				PRODUCT_NAME = "$(TARGET_NAME)";
				SWIFT_VERSION = 5.0;
				TARGETED_DEVICE_FAMILY = "1,2";
			};
			name = Release;
		};
		041C2DEB26D56F7B005585E2 /* Debug */ = {
			isa = XCBuildConfiguration;
			buildSettings = {
				ALWAYS_EMBED_SWIFT_STANDARD_LIBRARIES = YES;
				BUNDLE_LOADER = "$(TEST_HOST)";
				CODE_SIGN_STYLE = Automatic;
				DEVELOPMENT_TEAM = 25KXZWK48G;
				INFOPLIST_FILE = FootballFixturesTests/Info.plist;
				IPHONEOS_DEPLOYMENT_TARGET = 14.5;
				LD_RUNPATH_SEARCH_PATHS = (
					"$(inherited)",
					"@executable_path/Frameworks",
					"@loader_path/Frameworks",
				);
				PRODUCT_BUNDLE_IDENTIFIER = com.bileygr.FootballFixturesTests;
				PRODUCT_NAME = "$(TARGET_NAME)";
				SWIFT_VERSION = 5.0;
				TARGETED_DEVICE_FAMILY = "1,2";
				TEST_HOST = "$(BUILT_PRODUCTS_DIR)/FootballFixtures.app/FootballFixtures";
			};
			name = Debug;
		};
		041C2DEC26D56F7B005585E2 /* Release */ = {
			isa = XCBuildConfiguration;
			buildSettings = {
				ALWAYS_EMBED_SWIFT_STANDARD_LIBRARIES = YES;
				BUNDLE_LOADER = "$(TEST_HOST)";
				CODE_SIGN_STYLE = Automatic;
				DEVELOPMENT_TEAM = 25KXZWK48G;
				INFOPLIST_FILE = FootballFixturesTests/Info.plist;
				IPHONEOS_DEPLOYMENT_TARGET = 14.5;
				LD_RUNPATH_SEARCH_PATHS = (
					"$(inherited)",
					"@executable_path/Frameworks",
					"@loader_path/Frameworks",
				);
				PRODUCT_BUNDLE_IDENTIFIER = com.bileygr.FootballFixturesTests;
				PRODUCT_NAME = "$(TARGET_NAME)";
				SWIFT_VERSION = 5.0;
				TARGETED_DEVICE_FAMILY = "1,2";
				TEST_HOST = "$(BUILT_PRODUCTS_DIR)/FootballFixtures.app/FootballFixtures";
			};
			name = Release;
		};
		041C2DEE26D56F7B005585E2 /* Debug */ = {
			isa = XCBuildConfiguration;
			buildSettings = {
				ALWAYS_EMBED_SWIFT_STANDARD_LIBRARIES = YES;
				CODE_SIGN_STYLE = Automatic;
				DEVELOPMENT_TEAM = 25KXZWK48G;
				INFOPLIST_FILE = FootballFixturesUITests/Info.plist;
				LD_RUNPATH_SEARCH_PATHS = (
					"$(inherited)",
					"@executable_path/Frameworks",
					"@loader_path/Frameworks",
				);
				PRODUCT_BUNDLE_IDENTIFIER = com.bileygr.FootballFixturesUITests;
				PRODUCT_NAME = "$(TARGET_NAME)";
				SWIFT_VERSION = 5.0;
				TARGETED_DEVICE_FAMILY = "1,2";
				TEST_TARGET_NAME = FootballFixtures;
			};
			name = Debug;
		};
		041C2DEF26D56F7B005585E2 /* Release */ = {
			isa = XCBuildConfiguration;
			buildSettings = {
				ALWAYS_EMBED_SWIFT_STANDARD_LIBRARIES = YES;
				CODE_SIGN_STYLE = Automatic;
				DEVELOPMENT_TEAM = 25KXZWK48G;
				INFOPLIST_FILE = FootballFixturesUITests/Info.plist;
				LD_RUNPATH_SEARCH_PATHS = (
					"$(inherited)",
					"@executable_path/Frameworks",
					"@loader_path/Frameworks",
				);
				PRODUCT_BUNDLE_IDENTIFIER = com.bileygr.FootballFixturesUITests;
				PRODUCT_NAME = "$(TARGET_NAME)";
				SWIFT_VERSION = 5.0;
				TARGETED_DEVICE_FAMILY = "1,2";
				TEST_TARGET_NAME = FootballFixtures;
			};
			name = Release;
		};
/* End XCBuildConfiguration section */

/* Begin XCConfigurationList section */
		041C2DB826D56F7A005585E2 /* Build configuration list for PBXProject "FootballFixtures" */ = {
			isa = XCConfigurationList;
			buildConfigurations = (
				041C2DE526D56F7B005585E2 /* Debug */,
				041C2DE626D56F7B005585E2 /* Release */,
			);
			defaultConfigurationIsVisible = 0;
			defaultConfigurationName = Release;
		};
		041C2DE726D56F7B005585E2 /* Build configuration list for PBXNativeTarget "FootballFixtures" */ = {
			isa = XCConfigurationList;
			buildConfigurations = (
				041C2DE826D56F7B005585E2 /* Debug */,
				041C2DE926D56F7B005585E2 /* Release */,
			);
			defaultConfigurationIsVisible = 0;
			defaultConfigurationName = Release;
		};
		041C2DEA26D56F7B005585E2 /* Build configuration list for PBXNativeTarget "FootballFixturesTests" */ = {
			isa = XCConfigurationList;
			buildConfigurations = (
				041C2DEB26D56F7B005585E2 /* Debug */,
				041C2DEC26D56F7B005585E2 /* Release */,
			);
			defaultConfigurationIsVisible = 0;
			defaultConfigurationName = Release;
		};
		041C2DED26D56F7B005585E2 /* Build configuration list for PBXNativeTarget "FootballFixturesUITests" */ = {
			isa = XCConfigurationList;
			buildConfigurations = (
				041C2DEE26D56F7B005585E2 /* Debug */,
				041C2DEF26D56F7B005585E2 /* Release */,
			);
			defaultConfigurationIsVisible = 0;
			defaultConfigurationName = Release;
		};
/* End XCConfigurationList section */
	};
	rootObject = 041C2DB526D56F7A005585E2 /* Project object */;
}
